// !$*UTF8*$!
{
	archiveVersion = 1;
	classes = {
	};
	objectVersion = 46;
	objects = {

/* Begin PBXBuildFile section */
		040A48A11D7872F80055F5DB /* Assets.xcassets in Resources */ = {isa = PBXBuildFile; fileRef = 040A48A01D7872F80055F5DB /* Assets.xcassets */; };
		040A48A71D7DA65E0055F5DB /* CSBarButton.m in Sources */ = {isa = PBXBuildFile; fileRef = 040A48A61D7DA65E0055F5DB /* CSBarButton.m */; };
		040A48AB1D7F0E070055F5DB /* CSCover.m in Sources */ = {isa = PBXBuildFile; fileRef = 040A48AA1D7F0E070055F5DB /* CSCover.m */; };
		040A48AE1D805C770055F5DB /* CSNavigationController.m in Sources */ = {isa = PBXBuildFile; fileRef = 040A48AD1D805C770055F5DB /* CSNavigationController.m */; };
		040A48B51D8456DF0055F5DB /* CSNewFeatureController.m in Sources */ = {isa = PBXBuildFile; fileRef = 040A48B41D8456DF0055F5DB /* CSNewFeatureController.m */; };
		040A48B81D850CAA0055F5DB /* CSNewFeatureViewCell.m in Sources */ = {isa = PBXBuildFile; fileRef = 040A48B71D850CAA0055F5DB /* CSNewFeatureViewCell.m */; };
		040A48BF1D85B65A0055F5DB /* CSOAuthViewController.m in Sources */ = {isa = PBXBuildFile; fileRef = 040A48BE1D85B65A0055F5DB /* CSOAuthViewController.m */; };
		040A49011D85BFA80055F5DB /* AFHTTPRequestOperation.m in Sources */ = {isa = PBXBuildFile; fileRef = 040A48E91D85BFA80055F5DB /* AFHTTPRequestOperation.m */; };
		040A49021D85BFA80055F5DB /* AFHTTPRequestOperationManager.m in Sources */ = {isa = PBXBuildFile; fileRef = 040A48EB1D85BFA80055F5DB /* AFHTTPRequestOperationManager.m */; };
		040A49031D85BFA80055F5DB /* AFHTTPSessionManager.m in Sources */ = {isa = PBXBuildFile; fileRef = 040A48ED1D85BFA80055F5DB /* AFHTTPSessionManager.m */; };
		040A49041D85BFA80055F5DB /* AFNetworkReachabilityManager.m in Sources */ = {isa = PBXBuildFile; fileRef = 040A48F01D85BFA80055F5DB /* AFNetworkReachabilityManager.m */; };
		040A49051D85BFA80055F5DB /* AFSecurityPolicy.m in Sources */ = {isa = PBXBuildFile; fileRef = 040A48F21D85BFA80055F5DB /* AFSecurityPolicy.m */; };
		040A49061D85BFA80055F5DB /* AFURLConnectionOperation.m in Sources */ = {isa = PBXBuildFile; fileRef = 040A48F41D85BFA80055F5DB /* AFURLConnectionOperation.m */; };
		040A49071D85BFA80055F5DB /* AFURLRequestSerialization.m in Sources */ = {isa = PBXBuildFile; fileRef = 040A48F61D85BFA80055F5DB /* AFURLRequestSerialization.m */; };
		040A49081D85BFA80055F5DB /* AFURLResponseSerialization.m in Sources */ = {isa = PBXBuildFile; fileRef = 040A48F81D85BFA80055F5DB /* AFURLResponseSerialization.m */; };
		040A49091D85BFA80055F5DB /* AFURLSessionManager.m in Sources */ = {isa = PBXBuildFile; fileRef = 040A48FA1D85BFA80055F5DB /* AFURLSessionManager.m */; };
		040A490A1D85BFA80055F5DB /* MBProgressHUD+MJ.m in Sources */ = {isa = PBXBuildFile; fileRef = 040A48FD1D85BFA80055F5DB /* MBProgressHUD+MJ.m */; };
		040A490B1D85BFA80055F5DB /* MBProgressHUD.bundle in Resources */ = {isa = PBXBuildFile; fileRef = 040A48FE1D85BFA80055F5DB /* MBProgressHUD.bundle */; };
		040A490C1D85BFA80055F5DB /* MBProgressHUD.m in Sources */ = {isa = PBXBuildFile; fileRef = 040A49001D85BFA80055F5DB /* MBProgressHUD.m */; };
		A405F8681D82C8E9004E4CBC /* CSOneViewController.m in Sources */ = {isa = PBXBuildFile; fileRef = A405F8661D82C8E9004E4CBC /* CSOneViewController.m */; };
		A405F8691D82C8E9004E4CBC /* CSOneViewController.xib in Resources */ = {isa = PBXBuildFile; fileRef = A405F8671D82C8E9004E4CBC /* CSOneViewController.xib */; };
		A405F86F1D87FEF1004E4CBC /* CSAccountTool.m in Sources */ = {isa = PBXBuildFile; fileRef = A405F86E1D87FEF1004E4CBC /* CSAccountTool.m */; };
		A405F8721D87FF05004E4CBC /* CSRootTool.m in Sources */ = {isa = PBXBuildFile; fileRef = A405F8711D87FF05004E4CBC /* CSRootTool.m */; };
		A405F8751D87FFD3004E4CBC /* CSAccount.m in Sources */ = {isa = PBXBuildFile; fileRef = A405F8741D87FFD3004E4CBC /* CSAccount.m */; };
		A472BAC91D88F628005F4417 /* CSStatus.m in Sources */ = {isa = PBXBuildFile; fileRef = A472BAC81D88F628005F4417 /* CSStatus.m */; };
		A472BACC1D88F6B5005F4417 /* CSUser.m in Sources */ = {isa = PBXBuildFile; fileRef = A472BACB1D88F6B5005F4417 /* CSUser.m */; };
		A472BAEF1D88F804005F4417 /* MKAnnotationView+WebCache.m in Sources */ = {isa = PBXBuildFile; fileRef = A472BACF1D88F804005F4417 /* MKAnnotationView+WebCache.m */; };
		A472BAF01D88F804005F4417 /* NSData+ImageContentType.m in Sources */ = {isa = PBXBuildFile; fileRef = A472BAD11D88F804005F4417 /* NSData+ImageContentType.m */; };
		A472BAF11D88F804005F4417 /* SDImageCache.m in Sources */ = {isa = PBXBuildFile; fileRef = A472BAD31D88F804005F4417 /* SDImageCache.m */; };
		A472BAF21D88F804005F4417 /* SDWebImageCompat.m in Sources */ = {isa = PBXBuildFile; fileRef = A472BAD51D88F804005F4417 /* SDWebImageCompat.m */; };
		A472BAF31D88F804005F4417 /* SDWebImageDecoder.m in Sources */ = {isa = PBXBuildFile; fileRef = A472BAD71D88F804005F4417 /* SDWebImageDecoder.m */; };
		A472BAF41D88F804005F4417 /* SDWebImageDownloader.m in Sources */ = {isa = PBXBuildFile; fileRef = A472BAD91D88F804005F4417 /* SDWebImageDownloader.m */; };
		A472BAF51D88F804005F4417 /* SDWebImageDownloaderOperation.m in Sources */ = {isa = PBXBuildFile; fileRef = A472BADB1D88F804005F4417 /* SDWebImageDownloaderOperation.m */; };
		A472BAF61D88F804005F4417 /* SDWebImageManager.m in Sources */ = {isa = PBXBuildFile; fileRef = A472BADD1D88F804005F4417 /* SDWebImageManager.m */; };
		A472BAF71D88F804005F4417 /* SDWebImagePrefetcher.m in Sources */ = {isa = PBXBuildFile; fileRef = A472BAE01D88F804005F4417 /* SDWebImagePrefetcher.m */; };
		A472BAF81D88F804005F4417 /* UIButton+WebCache.m in Sources */ = {isa = PBXBuildFile; fileRef = A472BAE21D88F804005F4417 /* UIButton+WebCache.m */; };
		A472BAF91D88F804005F4417 /* UIImage+GIF.m in Sources */ = {isa = PBXBuildFile; fileRef = A472BAE41D88F804005F4417 /* UIImage+GIF.m */; };
		A472BAFA1D88F804005F4417 /* UIImage+MultiFormat.m in Sources */ = {isa = PBXBuildFile; fileRef = A472BAE61D88F804005F4417 /* UIImage+MultiFormat.m */; };
		A472BAFB1D88F804005F4417 /* UIImage+WebP.m in Sources */ = {isa = PBXBuildFile; fileRef = A472BAE81D88F804005F4417 /* UIImage+WebP.m */; };
		A472BAFC1D88F804005F4417 /* UIImageView+HighlightedWebCache.m in Sources */ = {isa = PBXBuildFile; fileRef = A472BAEA1D88F804005F4417 /* UIImageView+HighlightedWebCache.m */; };
		A472BAFD1D88F804005F4417 /* UIImageView+WebCache.m in Sources */ = {isa = PBXBuildFile; fileRef = A472BAEC1D88F804005F4417 /* UIImageView+WebCache.m */; };
		A472BAFE1D88F804005F4417 /* UIView+WebCacheOperation.m in Sources */ = {isa = PBXBuildFile; fileRef = A472BAEE1D88F804005F4417 /* UIView+WebCacheOperation.m */; };
		A472BB311D88F8A4005F4417 /* CSPhoto.m in Sources */ = {isa = PBXBuildFile; fileRef = A472BB301D88F8A4005F4417 /* CSPhoto.m */; };
		A47C3F381D9E093100C91E1F /* MJConst.m in Sources */ = {isa = PBXBuildFile; fileRef = A47C3F191D9E093100C91E1F /* MJConst.m */; };
		A47C3F391D9E093100C91E1F /* MJFoundation.m in Sources */ = {isa = PBXBuildFile; fileRef = A47C3F1C1D9E093100C91E1F /* MJFoundation.m */; };
		A47C3F3A1D9E093100C91E1F /* MJIvar.m in Sources */ = {isa = PBXBuildFile; fileRef = A47C3F1E1D9E093100C91E1F /* MJIvar.m */; };
		A47C3F3B1D9E093100C91E1F /* MJType.m in Sources */ = {isa = PBXBuildFile; fileRef = A47C3F201D9E093100C91E1F /* MJType.m */; };
		A47C3F3C1D9E093100C91E1F /* NSObject+MJCoding.m in Sources */ = {isa = PBXBuildFile; fileRef = A47C3F221D9E093100C91E1F /* NSObject+MJCoding.m */; };
		A47C3F3D1D9E093100C91E1F /* NSObject+MJIvar.m in Sources */ = {isa = PBXBuildFile; fileRef = A47C3F241D9E093100C91E1F /* NSObject+MJIvar.m */; };
		A47C3F3E1D9E093100C91E1F /* NSObject+MJKeyValue.m in Sources */ = {isa = PBXBuildFile; fileRef = A47C3F261D9E093100C91E1F /* NSObject+MJKeyValue.m */; };
		A47C3F3F1D9E093100C91E1F /* MJRefresh.bundle in Resources */ = {isa = PBXBuildFile; fileRef = A47C3F281D9E093100C91E1F /* MJRefresh.bundle */; };
		A47C3F401D9E093100C91E1F /* MJRefreshBaseView.m in Sources */ = {isa = PBXBuildFile; fileRef = A47C3F2B1D9E093100C91E1F /* MJRefreshBaseView.m */; };
		A47C3F411D9E093100C91E1F /* MJRefreshConst.m in Sources */ = {isa = PBXBuildFile; fileRef = A47C3F2D1D9E093100C91E1F /* MJRefreshConst.m */; };
		A47C3F421D9E093100C91E1F /* MJRefreshFooterView.m in Sources */ = {isa = PBXBuildFile; fileRef = A47C3F2F1D9E093100C91E1F /* MJRefreshFooterView.m */; };
		A47C3F431D9E093100C91E1F /* MJRefreshHeaderView.m in Sources */ = {isa = PBXBuildFile; fileRef = A47C3F311D9E093100C91E1F /* MJRefreshHeaderView.m */; };
		A47C3F441D9E093100C91E1F /* UIScrollView+MJExtension.m in Sources */ = {isa = PBXBuildFile; fileRef = A47C3F331D9E093100C91E1F /* UIScrollView+MJExtension.m */; };
		A47C3F451D9E093100C91E1F /* UIScrollView+MJRefresh.m in Sources */ = {isa = PBXBuildFile; fileRef = A47C3F351D9E093100C91E1F /* UIScrollView+MJRefresh.m */; };
		A47C3F461D9E093100C91E1F /* UIView+MJExtension.m in Sources */ = {isa = PBXBuildFile; fileRef = A47C3F371D9E093100C91E1F /* UIView+MJExtension.m */; };
		A47C3F4A1D9E096500C91E1F /* CSHttpTools.m in Sources */ = {isa = PBXBuildFile; fileRef = A47C3F491D9E096500C91E1F /* CSHttpTools.m */; };
		A4AA22261D7ED686009DDA34 /* CSTitleButton.m in Sources */ = {isa = PBXBuildFile; fileRef = A4AA22251D7ED686009DDA34 /* CSTitleButton.m */; };
		A4AA22291D7FC656009DDA34 /* CSPopMenu.m in Sources */ = {isa = PBXBuildFile; fileRef = A4AA22281D7FC656009DDA34 /* CSPopMenu.m */; };
		A4AA22321D816375009DDA34 /* CSTwoViewController.m in Sources */ = {isa = PBXBuildFile; fileRef = A4AA22301D816375009DDA34 /* CSTwoViewController.m */; };
		A4AA22331D816375009DDA34 /* CSTwoViewController.xib in Resources */ = {isa = PBXBuildFile; fileRef = A4AA22311D816375009DDA34 /* CSTwoViewController.xib */; };
		A4AA22371D8267D7009DDA34 /* CSThirdViewController.m in Sources */ = {isa = PBXBuildFile; fileRef = A4AA22351D8267D7009DDA34 /* CSThirdViewController.m */; };
		A4AA22381D8267D7009DDA34 /* CSThirdViewController.xib in Resources */ = {isa = PBXBuildFile; fileRef = A4AA22361D8267D7009DDA34 /* CSThirdViewController.xib */; };
		A4D4D83E1D9D267300DEF9C1 /* silence.mp3 in Resources */ = {isa = PBXBuildFile; fileRef = A4D4D83C1D9D267300DEF9C1 /* silence.mp3 */; };
		A4D4D83F1D9D267300DEF9C1 /* 爸比我要喝奶奶.mp3 in Resources */ = {isa = PBXBuildFile; fileRef = A4D4D83D1D9D267300DEF9C1 /* 爸比我要喝奶奶.mp3 */; };
		A4EE6B3D1D7E793000989515 /* CSProfileViewController.m in Sources */ = {isa = PBXBuildFile; fileRef = A4EE6B3C1D7E793000989515 /* CSProfileViewController.m */; };
		A4EE6B401D7E955D00989515 /* CSMessageViewController.m in Sources */ = {isa = PBXBuildFile; fileRef = A4EE6B3F1D7E955D00989515 /* CSMessageViewController.m */; };
		A4EE6B431D7E97EA00989515 /* CSDiscoverViewController.m in Sources */ = {isa = PBXBuildFile; fileRef = A4EE6B421D7E97EA00989515 /* CSDiscoverViewController.m */; };
		A4EE6B461D7E989F00989515 /* CSSearchBar.m in Sources */ = {isa = PBXBuildFile; fileRef = A4EE6B451D7E989F00989515 /* CSSearchBar.m */; };
		A4EE6B491D7E9D6100989515 /* UIView+Frame.m in Sources */ = {isa = PBXBuildFile; fileRef = A4EE6B481D7E9D6100989515 /* UIView+Frame.m */; };
		A4EE6B4C1D7EAB2100989515 /* CSHomeViewController.m in Sources */ = {isa = PBXBuildFile; fileRef = A4EE6B4B1D7EAB2100989515 /* CSHomeViewController.m */; };
		A4EE6B4F1D7EAC8400989515 /* UIBarButtonItem+item.m in Sources */ = {isa = PBXBuildFile; fileRef = A4EE6B4E1D7EAC8400989515 /* UIBarButtonItem+item.m */; };
		A4F5ECEA1D7834CB00BAA822 /* LaunchScreen.xib in Resources */ = {isa = PBXBuildFile; fileRef = A4F5ECE91D7834CB00BAA822 /* LaunchScreen.xib */; };
		A4F5ED0E1D79905F00BAA822 /* CSTabBarController.m in Sources */ = {isa = PBXBuildFile; fileRef = A4F5ECFA1D79905F00BAA822 /* CSTabBarController.m */; };
		A4F5ED0F1D79905F00BAA822 /* CSTabBar.m in Sources */ = {isa = PBXBuildFile; fileRef = A4F5ECFE1D79905F00BAA822 /* CSTabBar.m */; };
		A4F5ED101D79905F00BAA822 /* AppDelegate.m in Sources */ = {isa = PBXBuildFile; fileRef = A4F5ED051D79905F00BAA822 /* AppDelegate.m */; };
		A4F5ED111D79905F00BAA822 /* UIImage+Image.m in Sources */ = {isa = PBXBuildFile; fileRef = A4F5ED081D79905F00BAA822 /* UIImage+Image.m */; };
		A4F5ED121D79905F00BAA822 /* main.m in Sources */ = {isa = PBXBuildFile; fileRef = A4F5ED091D79905F00BAA822 /* main.m */; };
/* End PBXBuildFile section */

/* Begin PBXFileReference section */
		040A48A01D7872F80055F5DB /* Assets.xcassets */ = {isa = PBXFileReference; lastKnownFileType = folder.assetcatalog; path = Assets.xcassets; sourceTree = "<group>"; };
		040A48A51D7DA65E0055F5DB /* CSBarButton.h */ = {isa = PBXFileReference; fileEncoding = 4; lastKnownFileType = sourcecode.c.h; path = CSBarButton.h; sourceTree = "<group>"; };
		040A48A61D7DA65E0055F5DB /* CSBarButton.m */ = {isa = PBXFileReference; fileEncoding = 4; lastKnownFileType = sourcecode.c.objc; path = CSBarButton.m; sourceTree = "<group>"; };
		040A48A81D7EFA690055F5DB /* sina.pch */ = {isa = PBXFileReference; lastKnownFileType = sourcecode.c.h; path = sina.pch; sourceTree = "<group>"; };
		040A48A91D7F0E070055F5DB /* CSCover.h */ = {isa = PBXFileReference; fileEncoding = 4; lastKnownFileType = sourcecode.c.h; path = CSCover.h; sourceTree = "<group>"; };
		040A48AA1D7F0E070055F5DB /* CSCover.m */ = {isa = PBXFileReference; fileEncoding = 4; lastKnownFileType = sourcecode.c.objc; path = CSCover.m; sourceTree = "<group>"; };
		040A48AC1D805C770055F5DB /* CSNavigationController.h */ = {isa = PBXFileReference; fileEncoding = 4; lastKnownFileType = sourcecode.c.h; path = CSNavigationController.h; sourceTree = "<group>"; };
		040A48AD1D805C770055F5DB /* CSNavigationController.m */ = {isa = PBXFileReference; fileEncoding = 4; lastKnownFileType = sourcecode.c.objc; path = CSNavigationController.m; sourceTree = "<group>"; };
		040A48B31D8456DF0055F5DB /* CSNewFeatureController.h */ = {isa = PBXFileReference; fileEncoding = 4; lastKnownFileType = sourcecode.c.h; path = CSNewFeatureController.h; sourceTree = "<group>"; };
		040A48B41D8456DF0055F5DB /* CSNewFeatureController.m */ = {isa = PBXFileReference; fileEncoding = 4; lastKnownFileType = sourcecode.c.objc; path = CSNewFeatureController.m; sourceTree = "<group>"; };
		040A48B61D850CAA0055F5DB /* CSNewFeatureViewCell.h */ = {isa = PBXFileReference; fileEncoding = 4; lastKnownFileType = sourcecode.c.h; path = CSNewFeatureViewCell.h; sourceTree = "<group>"; };
		040A48B71D850CAA0055F5DB /* CSNewFeatureViewCell.m */ = {isa = PBXFileReference; fileEncoding = 4; lastKnownFileType = sourcecode.c.objc; path = CSNewFeatureViewCell.m; sourceTree = "<group>"; };
		040A48BD1D85B65A0055F5DB /* CSOAuthViewController.h */ = {isa = PBXFileReference; fileEncoding = 4; lastKnownFileType = sourcecode.c.h; path = CSOAuthViewController.h; sourceTree = "<group>"; };
		040A48BE1D85B65A0055F5DB /* CSOAuthViewController.m */ = {isa = PBXFileReference; fileEncoding = 4; lastKnownFileType = sourcecode.c.objc; path = CSOAuthViewController.m; sourceTree = "<group>"; };
		040A48E81D85BFA80055F5DB /* AFHTTPRequestOperation.h */ = {isa = PBXFileReference; fileEncoding = 4; lastKnownFileType = sourcecode.c.h; path = AFHTTPRequestOperation.h; sourceTree = "<group>"; };
		040A48E91D85BFA80055F5DB /* AFHTTPRequestOperation.m */ = {isa = PBXFileReference; fileEncoding = 4; lastKnownFileType = sourcecode.c.objc; path = AFHTTPRequestOperation.m; sourceTree = "<group>"; };
		040A48EA1D85BFA80055F5DB /* AFHTTPRequestOperationManager.h */ = {isa = PBXFileReference; fileEncoding = 4; lastKnownFileType = sourcecode.c.h; path = AFHTTPRequestOperationManager.h; sourceTree = "<group>"; };
		040A48EB1D85BFA80055F5DB /* AFHTTPRequestOperationManager.m */ = {isa = PBXFileReference; fileEncoding = 4; lastKnownFileType = sourcecode.c.objc; path = AFHTTPRequestOperationManager.m; sourceTree = "<group>"; };
		040A48EC1D85BFA80055F5DB /* AFHTTPSessionManager.h */ = {isa = PBXFileReference; fileEncoding = 4; lastKnownFileType = sourcecode.c.h; path = AFHTTPSessionManager.h; sourceTree = "<group>"; };
		040A48ED1D85BFA80055F5DB /* AFHTTPSessionManager.m */ = {isa = PBXFileReference; fileEncoding = 4; lastKnownFileType = sourcecode.c.objc; path = AFHTTPSessionManager.m; sourceTree = "<group>"; };
		040A48EE1D85BFA80055F5DB /* AFNetworking.h */ = {isa = PBXFileReference; fileEncoding = 4; lastKnownFileType = sourcecode.c.h; path = AFNetworking.h; sourceTree = "<group>"; };
		040A48EF1D85BFA80055F5DB /* AFNetworkReachabilityManager.h */ = {isa = PBXFileReference; fileEncoding = 4; lastKnownFileType = sourcecode.c.h; path = AFNetworkReachabilityManager.h; sourceTree = "<group>"; };
		040A48F01D85BFA80055F5DB /* AFNetworkReachabilityManager.m */ = {isa = PBXFileReference; fileEncoding = 4; lastKnownFileType = sourcecode.c.objc; path = AFNetworkReachabilityManager.m; sourceTree = "<group>"; };
		040A48F11D85BFA80055F5DB /* AFSecurityPolicy.h */ = {isa = PBXFileReference; fileEncoding = 4; lastKnownFileType = sourcecode.c.h; path = AFSecurityPolicy.h; sourceTree = "<group>"; };
		040A48F21D85BFA80055F5DB /* AFSecurityPolicy.m */ = {isa = PBXFileReference; fileEncoding = 4; lastKnownFileType = sourcecode.c.objc; path = AFSecurityPolicy.m; sourceTree = "<group>"; };
		040A48F31D85BFA80055F5DB /* AFURLConnectionOperation.h */ = {isa = PBXFileReference; fileEncoding = 4; lastKnownFileType = sourcecode.c.h; path = AFURLConnectionOperation.h; sourceTree = "<group>"; };
		040A48F41D85BFA80055F5DB /* AFURLConnectionOperation.m */ = {isa = PBXFileReference; fileEncoding = 4; lastKnownFileType = sourcecode.c.objc; path = AFURLConnectionOperation.m; sourceTree = "<group>"; };
		040A48F51D85BFA80055F5DB /* AFURLRequestSerialization.h */ = {isa = PBXFileReference; fileEncoding = 4; lastKnownFileType = sourcecode.c.h; path = AFURLRequestSerialization.h; sourceTree = "<group>"; };
		040A48F61D85BFA80055F5DB /* AFURLRequestSerialization.m */ = {isa = PBXFileReference; fileEncoding = 4; lastKnownFileType = sourcecode.c.objc; path = AFURLRequestSerialization.m; sourceTree = "<group>"; };
		040A48F71D85BFA80055F5DB /* AFURLResponseSerialization.h */ = {isa = PBXFileReference; fileEncoding = 4; lastKnownFileType = sourcecode.c.h; path = AFURLResponseSerialization.h; sourceTree = "<group>"; };
		040A48F81D85BFA80055F5DB /* AFURLResponseSerialization.m */ = {isa = PBXFileReference; fileEncoding = 4; lastKnownFileType = sourcecode.c.objc; path = AFURLResponseSerialization.m; sourceTree = "<group>"; };
		040A48F91D85BFA80055F5DB /* AFURLSessionManager.h */ = {isa = PBXFileReference; fileEncoding = 4; lastKnownFileType = sourcecode.c.h; path = AFURLSessionManager.h; sourceTree = "<group>"; };
		040A48FA1D85BFA80055F5DB /* AFURLSessionManager.m */ = {isa = PBXFileReference; fileEncoding = 4; lastKnownFileType = sourcecode.c.objc; path = AFURLSessionManager.m; sourceTree = "<group>"; };
		040A48FC1D85BFA80055F5DB /* MBProgressHUD+MJ.h */ = {isa = PBXFileReference; fileEncoding = 4; lastKnownFileType = sourcecode.c.h; path = "MBProgressHUD+MJ.h"; sourceTree = "<group>"; };
		040A48FD1D85BFA80055F5DB /* MBProgressHUD+MJ.m */ = {isa = PBXFileReference; fileEncoding = 4; lastKnownFileType = sourcecode.c.objc; path = "MBProgressHUD+MJ.m"; sourceTree = "<group>"; };
		040A48FE1D85BFA80055F5DB /* MBProgressHUD.bundle */ = {isa = PBXFileReference; lastKnownFileType = "wrapper.plug-in"; path = MBProgressHUD.bundle; sourceTree = "<group>"; };
		040A48FF1D85BFA80055F5DB /* MBProgressHUD.h */ = {isa = PBXFileReference; fileEncoding = 4; lastKnownFileType = sourcecode.c.h; path = MBProgressHUD.h; sourceTree = "<group>"; };
		040A49001D85BFA80055F5DB /* MBProgressHUD.m */ = {isa = PBXFileReference; fileEncoding = 4; lastKnownFileType = sourcecode.c.objc; path = MBProgressHUD.m; sourceTree = "<group>"; };
		A405F8651D82C8E9004E4CBC /* CSOneViewController.h */ = {isa = PBXFileReference; fileEncoding = 4; lastKnownFileType = sourcecode.c.h; path = CSOneViewController.h; sourceTree = "<group>"; };
		A405F8661D82C8E9004E4CBC /* CSOneViewController.m */ = {isa = PBXFileReference; fileEncoding = 4; lastKnownFileType = sourcecode.c.objc; path = CSOneViewController.m; sourceTree = "<group>"; };
		A405F8671D82C8E9004E4CBC /* CSOneViewController.xib */ = {isa = PBXFileReference; fileEncoding = 4; lastKnownFileType = file.xib; path = CSOneViewController.xib; sourceTree = "<group>"; };
		A405F86D1D87FEF1004E4CBC /* CSAccountTool.h */ = {isa = PBXFileReference; fileEncoding = 4; lastKnownFileType = sourcecode.c.h; path = CSAccountTool.h; sourceTree = "<group>"; };
		A405F86E1D87FEF1004E4CBC /* CSAccountTool.m */ = {isa = PBXFileReference; fileEncoding = 4; lastKnownFileType = sourcecode.c.objc; path = CSAccountTool.m; sourceTree = "<group>"; };
		A405F8701D87FF05004E4CBC /* CSRootTool.h */ = {isa = PBXFileReference; fileEncoding = 4; lastKnownFileType = sourcecode.c.h; path = CSRootTool.h; sourceTree = "<group>"; };
		A405F8711D87FF05004E4CBC /* CSRootTool.m */ = {isa = PBXFileReference; fileEncoding = 4; lastKnownFileType = sourcecode.c.objc; path = CSRootTool.m; sourceTree = "<group>"; };
		A405F8731D87FFD3004E4CBC /* CSAccount.h */ = {isa = PBXFileReference; fileEncoding = 4; lastKnownFileType = sourcecode.c.h; name = CSAccount.h; path = "sina/Classes/Tools(业务类)/Root/CSAccount.h"; sourceTree = SOURCE_ROOT; };
		A405F8741D87FFD3004E4CBC /* CSAccount.m */ = {isa = PBXFileReference; fileEncoding = 4; lastKnownFileType = sourcecode.c.objc; name = CSAccount.m; path = "sina/Classes/Tools(业务类)/Root/CSAccount.m"; sourceTree = SOURCE_ROOT; };
		A472BAC71D88F628005F4417 /* CSStatus.h */ = {isa = PBXFileReference; fileEncoding = 4; lastKnownFileType = sourcecode.c.h; path = CSStatus.h; sourceTree = "<group>"; };
		A472BAC81D88F628005F4417 /* CSStatus.m */ = {isa = PBXFileReference; fileEncoding = 4; lastKnownFileType = sourcecode.c.objc; path = CSStatus.m; sourceTree = "<group>"; };
		A472BACA1D88F6B5005F4417 /* CSUser.h */ = {isa = PBXFileReference; fileEncoding = 4; lastKnownFileType = sourcecode.c.h; path = CSUser.h; sourceTree = "<group>"; };
		A472BACB1D88F6B5005F4417 /* CSUser.m */ = {isa = PBXFileReference; fileEncoding = 4; lastKnownFileType = sourcecode.c.objc; path = CSUser.m; sourceTree = "<group>"; };
		A472BACE1D88F804005F4417 /* MKAnnotationView+WebCache.h */ = {isa = PBXFileReference; fileEncoding = 4; lastKnownFileType = sourcecode.c.h; path = "MKAnnotationView+WebCache.h"; sourceTree = "<group>"; };
		A472BACF1D88F804005F4417 /* MKAnnotationView+WebCache.m */ = {isa = PBXFileReference; fileEncoding = 4; lastKnownFileType = sourcecode.c.objc; path = "MKAnnotationView+WebCache.m"; sourceTree = "<group>"; };
		A472BAD01D88F804005F4417 /* NSData+ImageContentType.h */ = {isa = PBXFileReference; fileEncoding = 4; lastKnownFileType = sourcecode.c.h; path = "NSData+ImageContentType.h"; sourceTree = "<group>"; };
		A472BAD11D88F804005F4417 /* NSData+ImageContentType.m */ = {isa = PBXFileReference; fileEncoding = 4; lastKnownFileType = sourcecode.c.objc; path = "NSData+ImageContentType.m"; sourceTree = "<group>"; };
		A472BAD21D88F804005F4417 /* SDImageCache.h */ = {isa = PBXFileReference; fileEncoding = 4; lastKnownFileType = sourcecode.c.h; path = SDImageCache.h; sourceTree = "<group>"; };
		A472BAD31D88F804005F4417 /* SDImageCache.m */ = {isa = PBXFileReference; fileEncoding = 4; lastKnownFileType = sourcecode.c.objc; path = SDImageCache.m; sourceTree = "<group>"; };
		A472BAD41D88F804005F4417 /* SDWebImageCompat.h */ = {isa = PBXFileReference; fileEncoding = 4; lastKnownFileType = sourcecode.c.h; path = SDWebImageCompat.h; sourceTree = "<group>"; };
		A472BAD51D88F804005F4417 /* SDWebImageCompat.m */ = {isa = PBXFileReference; fileEncoding = 4; lastKnownFileType = sourcecode.c.objc; path = SDWebImageCompat.m; sourceTree = "<group>"; };
		A472BAD61D88F804005F4417 /* SDWebImageDecoder.h */ = {isa = PBXFileReference; fileEncoding = 4; lastKnownFileType = sourcecode.c.h; path = SDWebImageDecoder.h; sourceTree = "<group>"; };
		A472BAD71D88F804005F4417 /* SDWebImageDecoder.m */ = {isa = PBXFileReference; fileEncoding = 4; lastKnownFileType = sourcecode.c.objc; path = SDWebImageDecoder.m; sourceTree = "<group>"; };
		A472BAD81D88F804005F4417 /* SDWebImageDownloader.h */ = {isa = PBXFileReference; fileEncoding = 4; lastKnownFileType = sourcecode.c.h; path = SDWebImageDownloader.h; sourceTree = "<group>"; };
		A472BAD91D88F804005F4417 /* SDWebImageDownloader.m */ = {isa = PBXFileReference; fileEncoding = 4; lastKnownFileType = sourcecode.c.objc; path = SDWebImageDownloader.m; sourceTree = "<group>"; };
		A472BADA1D88F804005F4417 /* SDWebImageDownloaderOperation.h */ = {isa = PBXFileReference; fileEncoding = 4; lastKnownFileType = sourcecode.c.h; path = SDWebImageDownloaderOperation.h; sourceTree = "<group>"; };
		A472BADB1D88F804005F4417 /* SDWebImageDownloaderOperation.m */ = {isa = PBXFileReference; fileEncoding = 4; lastKnownFileType = sourcecode.c.objc; path = SDWebImageDownloaderOperation.m; sourceTree = "<group>"; };
		A472BADC1D88F804005F4417 /* SDWebImageManager.h */ = {isa = PBXFileReference; fileEncoding = 4; lastKnownFileType = sourcecode.c.h; path = SDWebImageManager.h; sourceTree = "<group>"; };
		A472BADD1D88F804005F4417 /* SDWebImageManager.m */ = {isa = PBXFileReference; fileEncoding = 4; lastKnownFileType = sourcecode.c.objc; path = SDWebImageManager.m; sourceTree = "<group>"; };
		A472BADE1D88F804005F4417 /* SDWebImageOperation.h */ = {isa = PBXFileReference; fileEncoding = 4; lastKnownFileType = sourcecode.c.h; path = SDWebImageOperation.h; sourceTree = "<group>"; };
		A472BADF1D88F804005F4417 /* SDWebImagePrefetcher.h */ = {isa = PBXFileReference; fileEncoding = 4; lastKnownFileType = sourcecode.c.h; path = SDWebImagePrefetcher.h; sourceTree = "<group>"; };
		A472BAE01D88F804005F4417 /* SDWebImagePrefetcher.m */ = {isa = PBXFileReference; fileEncoding = 4; lastKnownFileType = sourcecode.c.objc; path = SDWebImagePrefetcher.m; sourceTree = "<group>"; };
		A472BAE11D88F804005F4417 /* UIButton+WebCache.h */ = {isa = PBXFileReference; fileEncoding = 4; lastKnownFileType = sourcecode.c.h; path = "UIButton+WebCache.h"; sourceTree = "<group>"; };
		A472BAE21D88F804005F4417 /* UIButton+WebCache.m */ = {isa = PBXFileReference; fileEncoding = 4; lastKnownFileType = sourcecode.c.objc; path = "UIButton+WebCache.m"; sourceTree = "<group>"; };
		A472BAE31D88F804005F4417 /* UIImage+GIF.h */ = {isa = PBXFileReference; fileEncoding = 4; lastKnownFileType = sourcecode.c.h; path = "UIImage+GIF.h"; sourceTree = "<group>"; };
		A472BAE41D88F804005F4417 /* UIImage+GIF.m */ = {isa = PBXFileReference; fileEncoding = 4; lastKnownFileType = sourcecode.c.objc; path = "UIImage+GIF.m"; sourceTree = "<group>"; };
		A472BAE51D88F804005F4417 /* UIImage+MultiFormat.h */ = {isa = PBXFileReference; fileEncoding = 4; lastKnownFileType = sourcecode.c.h; path = "UIImage+MultiFormat.h"; sourceTree = "<group>"; };
		A472BAE61D88F804005F4417 /* UIImage+MultiFormat.m */ = {isa = PBXFileReference; fileEncoding = 4; lastKnownFileType = sourcecode.c.objc; path = "UIImage+MultiFormat.m"; sourceTree = "<group>"; };
		A472BAE71D88F804005F4417 /* UIImage+WebP.h */ = {isa = PBXFileReference; fileEncoding = 4; lastKnownFileType = sourcecode.c.h; path = "UIImage+WebP.h"; sourceTree = "<group>"; };
		A472BAE81D88F804005F4417 /* UIImage+WebP.m */ = {isa = PBXFileReference; fileEncoding = 4; lastKnownFileType = sourcecode.c.objc; path = "UIImage+WebP.m"; sourceTree = "<group>"; };
		A472BAE91D88F804005F4417 /* UIImageView+HighlightedWebCache.h */ = {isa = PBXFileReference; fileEncoding = 4; lastKnownFileType = sourcecode.c.h; path = "UIImageView+HighlightedWebCache.h"; sourceTree = "<group>"; };
		A472BAEA1D88F804005F4417 /* UIImageView+HighlightedWebCache.m */ = {isa = PBXFileReference; fileEncoding = 4; lastKnownFileType = sourcecode.c.objc; path = "UIImageView+HighlightedWebCache.m"; sourceTree = "<group>"; };
		A472BAEB1D88F804005F4417 /* UIImageView+WebCache.h */ = {isa = PBXFileReference; fileEncoding = 4; lastKnownFileType = sourcecode.c.h; path = "UIImageView+WebCache.h"; sourceTree = "<group>"; };
		A472BAEC1D88F804005F4417 /* UIImageView+WebCache.m */ = {isa = PBXFileReference; fileEncoding = 4; lastKnownFileType = sourcecode.c.objc; path = "UIImageView+WebCache.m"; sourceTree = "<group>"; };
		A472BAED1D88F804005F4417 /* UIView+WebCacheOperation.h */ = {isa = PBXFileReference; fileEncoding = 4; lastKnownFileType = sourcecode.c.h; path = "UIView+WebCacheOperation.h"; sourceTree = "<group>"; };
		A472BAEE1D88F804005F4417 /* UIView+WebCacheOperation.m */ = {isa = PBXFileReference; fileEncoding = 4; lastKnownFileType = sourcecode.c.objc; path = "UIView+WebCacheOperation.m"; sourceTree = "<group>"; };
		A472BB2F1D88F8A4005F4417 /* CSPhoto.h */ = {isa = PBXFileReference; fileEncoding = 4; lastKnownFileType = sourcecode.c.h; name = CSPhoto.h; path = ../../Main/Controller/CSPhoto.h; sourceTree = "<group>"; };
		A472BB301D88F8A4005F4417 /* CSPhoto.m */ = {isa = PBXFileReference; fileEncoding = 4; lastKnownFileType = sourcecode.c.objc; name = CSPhoto.m; path = ../../Main/Controller/CSPhoto.m; sourceTree = "<group>"; };
		A47C3F181D9E093100C91E1F /* MJConst.h */ = {isa = PBXFileReference; fileEncoding = 4; lastKnownFileType = sourcecode.c.h; path = MJConst.h; sourceTree = "<group>"; };
		A47C3F191D9E093100C91E1F /* MJConst.m */ = {isa = PBXFileReference; fileEncoding = 4; lastKnownFileType = sourcecode.c.objc; path = MJConst.m; sourceTree = "<group>"; };
		A47C3F1A1D9E093100C91E1F /* MJExtension.h */ = {isa = PBXFileReference; fileEncoding = 4; lastKnownFileType = sourcecode.c.h; path = MJExtension.h; sourceTree = "<group>"; };
		A47C3F1B1D9E093100C91E1F /* MJFoundation.h */ = {isa = PBXFileReference; fileEncoding = 4; lastKnownFileType = sourcecode.c.h; path = MJFoundation.h; sourceTree = "<group>"; };
		A47C3F1C1D9E093100C91E1F /* MJFoundation.m */ = {isa = PBXFileReference; fileEncoding = 4; lastKnownFileType = sourcecode.c.objc; path = MJFoundation.m; sourceTree = "<group>"; };
		A47C3F1D1D9E093100C91E1F /* MJIvar.h */ = {isa = PBXFileReference; fileEncoding = 4; lastKnownFileType = sourcecode.c.h; path = MJIvar.h; sourceTree = "<group>"; };
		A47C3F1E1D9E093100C91E1F /* MJIvar.m */ = {isa = PBXFileReference; fileEncoding = 4; lastKnownFileType = sourcecode.c.objc; path = MJIvar.m; sourceTree = "<group>"; };
		A47C3F1F1D9E093100C91E1F /* MJType.h */ = {isa = PBXFileReference; fileEncoding = 4; lastKnownFileType = sourcecode.c.h; path = MJType.h; sourceTree = "<group>"; };
		A47C3F201D9E093100C91E1F /* MJType.m */ = {isa = PBXFileReference; fileEncoding = 4; lastKnownFileType = sourcecode.c.objc; path = MJType.m; sourceTree = "<group>"; };
		A47C3F211D9E093100C91E1F /* NSObject+MJCoding.h */ = {isa = PBXFileReference; fileEncoding = 4; lastKnownFileType = sourcecode.c.h; path = "NSObject+MJCoding.h"; sourceTree = "<group>"; };
		A47C3F221D9E093100C91E1F /* NSObject+MJCoding.m */ = {isa = PBXFileReference; fileEncoding = 4; lastKnownFileType = sourcecode.c.objc; path = "NSObject+MJCoding.m"; sourceTree = "<group>"; };
		A47C3F231D9E093100C91E1F /* NSObject+MJIvar.h */ = {isa = PBXFileReference; fileEncoding = 4; lastKnownFileType = sourcecode.c.h; path = "NSObject+MJIvar.h"; sourceTree = "<group>"; };
		A47C3F241D9E093100C91E1F /* NSObject+MJIvar.m */ = {isa = PBXFileReference; fileEncoding = 4; lastKnownFileType = sourcecode.c.objc; path = "NSObject+MJIvar.m"; sourceTree = "<group>"; };
		A47C3F251D9E093100C91E1F /* NSObject+MJKeyValue.h */ = {isa = PBXFileReference; fileEncoding = 4; lastKnownFileType = sourcecode.c.h; path = "NSObject+MJKeyValue.h"; sourceTree = "<group>"; };
		A47C3F261D9E093100C91E1F /* NSObject+MJKeyValue.m */ = {isa = PBXFileReference; fileEncoding = 4; lastKnownFileType = sourcecode.c.objc; path = "NSObject+MJKeyValue.m"; sourceTree = "<group>"; };
		A47C3F281D9E093100C91E1F /* MJRefresh.bundle */ = {isa = PBXFileReference; lastKnownFileType = "wrapper.plug-in"; path = MJRefresh.bundle; sourceTree = "<group>"; };
		A47C3F291D9E093100C91E1F /* MJRefresh.h */ = {isa = PBXFileReference; fileEncoding = 4; lastKnownFileType = sourcecode.c.h; path = MJRefresh.h; sourceTree = "<group>"; };
		A47C3F2A1D9E093100C91E1F /* MJRefreshBaseView.h */ = {isa = PBXFileReference; fileEncoding = 4; lastKnownFileType = sourcecode.c.h; path = MJRefreshBaseView.h; sourceTree = "<group>"; };
		A47C3F2B1D9E093100C91E1F /* MJRefreshBaseView.m */ = {isa = PBXFileReference; fileEncoding = 4; lastKnownFileType = sourcecode.c.objc; path = MJRefreshBaseView.m; sourceTree = "<group>"; };
		A47C3F2C1D9E093100C91E1F /* MJRefreshConst.h */ = {isa = PBXFileReference; fileEncoding = 4; lastKnownFileType = sourcecode.c.h; path = MJRefreshConst.h; sourceTree = "<group>"; };
		A47C3F2D1D9E093100C91E1F /* MJRefreshConst.m */ = {isa = PBXFileReference; fileEncoding = 4; lastKnownFileType = sourcecode.c.objc; path = MJRefreshConst.m; sourceTree = "<group>"; };
		A47C3F2E1D9E093100C91E1F /* MJRefreshFooterView.h */ = {isa = PBXFileReference; fileEncoding = 4; lastKnownFileType = sourcecode.c.h; path = MJRefreshFooterView.h; sourceTree = "<group>"; };
		A47C3F2F1D9E093100C91E1F /* MJRefreshFooterView.m */ = {isa = PBXFileReference; fileEncoding = 4; lastKnownFileType = sourcecode.c.objc; path = MJRefreshFooterView.m; sourceTree = "<group>"; };
		A47C3F301D9E093100C91E1F /* MJRefreshHeaderView.h */ = {isa = PBXFileReference; fileEncoding = 4; lastKnownFileType = sourcecode.c.h; path = MJRefreshHeaderView.h; sourceTree = "<group>"; };
		A47C3F311D9E093100C91E1F /* MJRefreshHeaderView.m */ = {isa = PBXFileReference; fileEncoding = 4; lastKnownFileType = sourcecode.c.objc; path = MJRefreshHeaderView.m; sourceTree = "<group>"; };
		A47C3F321D9E093100C91E1F /* UIScrollView+MJExtension.h */ = {isa = PBXFileReference; fileEncoding = 4; lastKnownFileType = sourcecode.c.h; path = "UIScrollView+MJExtension.h"; sourceTree = "<group>"; };
		A47C3F331D9E093100C91E1F /* UIScrollView+MJExtension.m */ = {isa = PBXFileReference; fileEncoding = 4; lastKnownFileType = sourcecode.c.objc; path = "UIScrollView+MJExtension.m"; sourceTree = "<group>"; };
		A47C3F341D9E093100C91E1F /* UIScrollView+MJRefresh.h */ = {isa = PBXFileReference; fileEncoding = 4; lastKnownFileType = sourcecode.c.h; path = "UIScrollView+MJRefresh.h"; sourceTree = "<group>"; };
		A47C3F351D9E093100C91E1F /* UIScrollView+MJRefresh.m */ = {isa = PBXFileReference; fileEncoding = 4; lastKnownFileType = sourcecode.c.objc; path = "UIScrollView+MJRefresh.m"; sourceTree = "<group>"; };
		A47C3F361D9E093100C91E1F /* UIView+MJExtension.h */ = {isa = PBXFileReference; fileEncoding = 4; lastKnownFileType = sourcecode.c.h; path = "UIView+MJExtension.h"; sourceTree = "<group>"; };
		A47C3F371D9E093100C91E1F /* UIView+MJExtension.m */ = {isa = PBXFileReference; fileEncoding = 4; lastKnownFileType = sourcecode.c.objc; path = "UIView+MJExtension.m"; sourceTree = "<group>"; };
		A47C3F481D9E096500C91E1F /* CSHttpTools.h */ = {isa = PBXFileReference; fileEncoding = 4; lastKnownFileType = sourcecode.c.h; path = CSHttpTools.h; sourceTree = "<group>"; };
		A47C3F491D9E096500C91E1F /* CSHttpTools.m */ = {isa = PBXFileReference; fileEncoding = 4; lastKnownFileType = sourcecode.c.objc; path = CSHttpTools.m; sourceTree = "<group>"; };
		A4AA22241D7ED686009DDA34 /* CSTitleButton.h */ = {isa = PBXFileReference; fileEncoding = 4; lastKnownFileType = sourcecode.c.h; path = CSTitleButton.h; sourceTree = "<group>"; };
		A4AA22251D7ED686009DDA34 /* CSTitleButton.m */ = {isa = PBXFileReference; fileEncoding = 4; lastKnownFileType = sourcecode.c.objc; path = CSTitleButton.m; sourceTree = "<group>"; };
		A4AA22271D7FC656009DDA34 /* CSPopMenu.h */ = {isa = PBXFileReference; fileEncoding = 4; lastKnownFileType = sourcecode.c.h; path = CSPopMenu.h; sourceTree = "<group>"; };
		A4AA22281D7FC656009DDA34 /* CSPopMenu.m */ = {isa = PBXFileReference; fileEncoding = 4; lastKnownFileType = sourcecode.c.objc; path = CSPopMenu.m; sourceTree = "<group>"; };
		A4AA222F1D816375009DDA34 /* CSTwoViewController.h */ = {isa = PBXFileReference; fileEncoding = 4; lastKnownFileType = sourcecode.c.h; path = CSTwoViewController.h; sourceTree = "<group>"; };
		A4AA22301D816375009DDA34 /* CSTwoViewController.m */ = {isa = PBXFileReference; fileEncoding = 4; lastKnownFileType = sourcecode.c.objc; path = CSTwoViewController.m; sourceTree = "<group>"; };
		A4AA22311D816375009DDA34 /* CSTwoViewController.xib */ = {isa = PBXFileReference; fileEncoding = 4; lastKnownFileType = file.xib; path = CSTwoViewController.xib; sourceTree = "<group>"; };
		A4AA22341D8267D7009DDA34 /* CSThirdViewController.h */ = {isa = PBXFileReference; fileEncoding = 4; lastKnownFileType = sourcecode.c.h; path = CSThirdViewController.h; sourceTree = "<group>"; };
		A4AA22351D8267D7009DDA34 /* CSThirdViewController.m */ = {isa = PBXFileReference; fileEncoding = 4; lastKnownFileType = sourcecode.c.objc; path = CSThirdViewController.m; sourceTree = "<group>"; };
		A4AA22361D8267D7009DDA34 /* CSThirdViewController.xib */ = {isa = PBXFileReference; fileEncoding = 4; lastKnownFileType = file.xib; path = CSThirdViewController.xib; sourceTree = "<group>"; };
		A4D4D83C1D9D267300DEF9C1 /* silence.mp3 */ = {isa = PBXFileReference; lastKnownFileType = audio.mp3; path = silence.mp3; sourceTree = "<group>"; };
		A4D4D83D1D9D267300DEF9C1 /* 爸比我要喝奶奶.mp3 */ = {isa = PBXFileReference; lastKnownFileType = audio.mp3; path = "爸比我要喝奶奶.mp3"; sourceTree = "<group>"; };
		A4EE6B3B1D7E793000989515 /* CSProfileViewController.h */ = {isa = PBXFileReference; fileEncoding = 4; lastKnownFileType = sourcecode.c.h; path = CSProfileViewController.h; sourceTree = "<group>"; };
		A4EE6B3C1D7E793000989515 /* CSProfileViewController.m */ = {isa = PBXFileReference; fileEncoding = 4; lastKnownFileType = sourcecode.c.objc; path = CSProfileViewController.m; sourceTree = "<group>"; };
		A4EE6B3E1D7E955D00989515 /* CSMessageViewController.h */ = {isa = PBXFileReference; fileEncoding = 4; lastKnownFileType = sourcecode.c.h; path = CSMessageViewController.h; sourceTree = "<group>"; };
		A4EE6B3F1D7E955D00989515 /* CSMessageViewController.m */ = {isa = PBXFileReference; fileEncoding = 4; lastKnownFileType = sourcecode.c.objc; path = CSMessageViewController.m; sourceTree = "<group>"; };
		A4EE6B411D7E97EA00989515 /* CSDiscoverViewController.h */ = {isa = PBXFileReference; fileEncoding = 4; lastKnownFileType = sourcecode.c.h; path = CSDiscoverViewController.h; sourceTree = "<group>"; };
		A4EE6B421D7E97EA00989515 /* CSDiscoverViewController.m */ = {isa = PBXFileReference; fileEncoding = 4; lastKnownFileType = sourcecode.c.objc; path = CSDiscoverViewController.m; sourceTree = "<group>"; };
		A4EE6B441D7E989F00989515 /* CSSearchBar.h */ = {isa = PBXFileReference; fileEncoding = 4; lastKnownFileType = sourcecode.c.h; path = CSSearchBar.h; sourceTree = "<group>"; };
		A4EE6B451D7E989F00989515 /* CSSearchBar.m */ = {isa = PBXFileReference; fileEncoding = 4; lastKnownFileType = sourcecode.c.objc; path = CSSearchBar.m; sourceTree = "<group>"; };
		A4EE6B471D7E9D6100989515 /* UIView+Frame.h */ = {isa = PBXFileReference; fileEncoding = 4; lastKnownFileType = sourcecode.c.h; path = "UIView+Frame.h"; sourceTree = "<group>"; };
		A4EE6B481D7E9D6100989515 /* UIView+Frame.m */ = {isa = PBXFileReference; fileEncoding = 4; lastKnownFileType = sourcecode.c.objc; path = "UIView+Frame.m"; sourceTree = "<group>"; };
		A4EE6B4A1D7EAB2100989515 /* CSHomeViewController.h */ = {isa = PBXFileReference; fileEncoding = 4; lastKnownFileType = sourcecode.c.h; path = CSHomeViewController.h; sourceTree = "<group>"; };
		A4EE6B4B1D7EAB2100989515 /* CSHomeViewController.m */ = {isa = PBXFileReference; fileEncoding = 4; lastKnownFileType = sourcecode.c.objc; path = CSHomeViewController.m; sourceTree = "<group>"; };
		A4EE6B4D1D7EAC8400989515 /* UIBarButtonItem+item.h */ = {isa = PBXFileReference; fileEncoding = 4; lastKnownFileType = sourcecode.c.h; path = "UIBarButtonItem+item.h"; sourceTree = "<group>"; };
		A4EE6B4E1D7EAC8400989515 /* UIBarButtonItem+item.m */ = {isa = PBXFileReference; fileEncoding = 4; lastKnownFileType = sourcecode.c.objc; path = "UIBarButtonItem+item.m"; sourceTree = "<group>"; };
		A4F5ECCD1D77E0AE00BAA822 /* sina.app */ = {isa = PBXFileReference; explicitFileType = wrapper.application; includeInIndex = 0; path = sina.app; sourceTree = BUILT_PRODUCTS_DIR; };
		A4F5ECE11D77E0AF00BAA822 /* Info.plist */ = {isa = PBXFileReference; lastKnownFileType = text.plist.xml; path = Info.plist; sourceTree = "<group>"; };
		A4F5ECE91D7834CB00BAA822 /* LaunchScreen.xib */ = {isa = PBXFileReference; fileEncoding = 4; lastKnownFileType = file.xib; path = LaunchScreen.xib; sourceTree = "<group>"; };
		A4F5ECF91D79905F00BAA822 /* CSTabBarController.h */ = {isa = PBXFileReference; fileEncoding = 4; lastKnownFileType = sourcecode.c.h; path = CSTabBarController.h; sourceTree = "<group>"; };
		A4F5ECFA1D79905F00BAA822 /* CSTabBarController.m */ = {isa = PBXFileReference; fileEncoding = 4; lastKnownFileType = sourcecode.c.objc; path = CSTabBarController.m; sourceTree = "<group>"; };
		A4F5ECFD1D79905F00BAA822 /* CSTabBar.h */ = {isa = PBXFileReference; fileEncoding = 4; lastKnownFileType = sourcecode.c.h; path = CSTabBar.h; sourceTree = "<group>"; };
		A4F5ECFE1D79905F00BAA822 /* CSTabBar.m */ = {isa = PBXFileReference; fileEncoding = 4; lastKnownFileType = sourcecode.c.objc; path = CSTabBar.m; sourceTree = "<group>"; };
		A4F5ED041D79905F00BAA822 /* AppDelegate.h */ = {isa = PBXFileReference; fileEncoding = 4; lastKnownFileType = sourcecode.c.h; path = AppDelegate.h; sourceTree = "<group>"; };
		A4F5ED051D79905F00BAA822 /* AppDelegate.m */ = {isa = PBXFileReference; fileEncoding = 4; lastKnownFileType = sourcecode.c.objc; path = AppDelegate.m; sourceTree = "<group>"; };
		A4F5ED071D79905F00BAA822 /* UIImage+Image.h */ = {isa = PBXFileReference; fileEncoding = 4; lastKnownFileType = sourcecode.c.h; path = "UIImage+Image.h"; sourceTree = "<group>"; };
		A4F5ED081D79905F00BAA822 /* UIImage+Image.m */ = {isa = PBXFileReference; fileEncoding = 4; lastKnownFileType = sourcecode.c.objc; path = "UIImage+Image.m"; sourceTree = "<group>"; };
		A4F5ED091D79905F00BAA822 /* main.m */ = {isa = PBXFileReference; fileEncoding = 4; lastKnownFileType = sourcecode.c.objc; path = main.m; sourceTree = "<group>"; };
/* End PBXFileReference section */

/* Begin PBXFrameworksBuildPhase section */
		A4F5ECCA1D77E0AE00BAA822 /* Frameworks */ = {
			isa = PBXFrameworksBuildPhase;
			buildActionMask = 2147483647;
			files = (
			);
			runOnlyForDeploymentPostprocessing = 0;
		};
/* End PBXFrameworksBuildPhase section */

/* Begin PBXGroup section */
		040A48AF1D8456B40055F5DB /* NewFeature */ = {
			isa = PBXGroup;
			children = (
				040A48B01D8456B40055F5DB /* Controller */,
				040A48B11D8456B40055F5DB /* Model */,
				040A48B21D8456B40055F5DB /* View */,
			);
			path = NewFeature;
			sourceTree = "<group>";
		};
		040A48B01D8456B40055F5DB /* Controller */ = {
			isa = PBXGroup;
			children = (
				040A48B31D8456DF0055F5DB /* CSNewFeatureController.h */,
				040A48B41D8456DF0055F5DB /* CSNewFeatureController.m */,
			);
			path = Controller;
			sourceTree = "<group>";
		};
		040A48B11D8456B40055F5DB /* Model */ = {
			isa = PBXGroup;
			children = (
			);
			path = Model;
			sourceTree = "<group>";
		};
		040A48B21D8456B40055F5DB /* View */ = {
			isa = PBXGroup;
			children = (
				040A48B61D850CAA0055F5DB /* CSNewFeatureViewCell.h */,
				040A48B71D850CAA0055F5DB /* CSNewFeatureViewCell.m */,
			);
			path = View;
			sourceTree = "<group>";
		};
		040A48B91D85B6150055F5DB /* OAuth */ = {
			isa = PBXGroup;
			children = (
				040A48BA1D85B6150055F5DB /* Controller */,
				040A48BB1D85B6150055F5DB /* Model */,
				040A48BC1D85B6150055F5DB /* View */,
			);
			path = OAuth;
			sourceTree = "<group>";
		};
		040A48BA1D85B6150055F5DB /* Controller */ = {
			isa = PBXGroup;
			children = (
				040A48BD1D85B65A0055F5DB /* CSOAuthViewController.h */,
				040A48BE1D85B65A0055F5DB /* CSOAuthViewController.m */,
			);
			path = Controller;
			sourceTree = "<group>";
		};
		040A48BB1D85B6150055F5DB /* Model */ = {
			isa = PBXGroup;
			children = (
				A405F8731D87FFD3004E4CBC /* CSAccount.h */,
				A405F8741D87FFD3004E4CBC /* CSAccount.m */,
			);
			path = Model;
			sourceTree = "<group>";
		};
		040A48BC1D85B6150055F5DB /* View */ = {
			isa = PBXGroup;
			children = (
			);
			path = View;
			sourceTree = "<group>";
		};
		040A48C01D85BE140055F5DB /* lib */ = {
			isa = PBXGroup;
			children = (
				A47C3F171D9E093100C91E1F /* MJExtension */,
				A47C3F271D9E093100C91E1F /* MJRefresh */,
				A472BACD1D88F804005F4417 /* SDWebImage */,
				040A48E71D85BFA80055F5DB /* AFNetworking */,
				040A48FB1D85BFA80055F5DB /* MBProgressHUD */,
			);
			path = lib;
			sourceTree = "<group>";
		};
		040A48E71D85BFA80055F5DB /* AFNetworking */ = {
			isa = PBXGroup;
			children = (
				040A48E81D85BFA80055F5DB /* AFHTTPRequestOperation.h */,
				040A48E91D85BFA80055F5DB /* AFHTTPRequestOperation.m */,
				040A48EA1D85BFA80055F5DB /* AFHTTPRequestOperationManager.h */,
				040A48EB1D85BFA80055F5DB /* AFHTTPRequestOperationManager.m */,
				040A48EC1D85BFA80055F5DB /* AFHTTPSessionManager.h */,
				040A48ED1D85BFA80055F5DB /* AFHTTPSessionManager.m */,
				040A48EE1D85BFA80055F5DB /* AFNetworking.h */,
				040A48EF1D85BFA80055F5DB /* AFNetworkReachabilityManager.h */,
				040A48F01D85BFA80055F5DB /* AFNetworkReachabilityManager.m */,
				040A48F11D85BFA80055F5DB /* AFSecurityPolicy.h */,
				040A48F21D85BFA80055F5DB /* AFSecurityPolicy.m */,
				040A48F31D85BFA80055F5DB /* AFURLConnectionOperation.h */,
				040A48F41D85BFA80055F5DB /* AFURLConnectionOperation.m */,
				040A48F51D85BFA80055F5DB /* AFURLRequestSerialization.h */,
				040A48F61D85BFA80055F5DB /* AFURLRequestSerialization.m */,
				040A48F71D85BFA80055F5DB /* AFURLResponseSerialization.h */,
				040A48F81D85BFA80055F5DB /* AFURLResponseSerialization.m */,
				040A48F91D85BFA80055F5DB /* AFURLSessionManager.h */,
				040A48FA1D85BFA80055F5DB /* AFURLSessionManager.m */,
			);
			path = AFNetworking;
			sourceTree = "<group>";
		};
		040A48FB1D85BFA80055F5DB /* MBProgressHUD */ = {
			isa = PBXGroup;
			children = (
				040A48FC1D85BFA80055F5DB /* MBProgressHUD+MJ.h */,
				040A48FD1D85BFA80055F5DB /* MBProgressHUD+MJ.m */,
				040A48FE1D85BFA80055F5DB /* MBProgressHUD.bundle */,
				040A48FF1D85BFA80055F5DB /* MBProgressHUD.h */,
				040A49001D85BFA80055F5DB /* MBProgressHUD.m */,
			);
			path = MBProgressHUD;
			sourceTree = "<group>";
		};
		A405F86A1D87FE98004E4CBC /* Tools(业务类) */ = {
			isa = PBXGroup;
			children = (
				A47C3F471D9E096500C91E1F /* Http */,
				A405F86B1D87FEB5004E4CBC /* Account */,
				A405F86C1D87FEB5004E4CBC /* Root */,
			);
			path = "Tools(业务类)";
			sourceTree = "<group>";
		};
		A405F86B1D87FEB5004E4CBC /* Account */ = {
			isa = PBXGroup;
			children = (
				A405F86D1D87FEF1004E4CBC /* CSAccountTool.h */,
				A405F86E1D87FEF1004E4CBC /* CSAccountTool.m */,
			);
			path = Account;
			sourceTree = "<group>";
		};
		A405F86C1D87FEB5004E4CBC /* Root */ = {
			isa = PBXGroup;
			children = (
				A405F8701D87FF05004E4CBC /* CSRootTool.h */,
				A405F8711D87FF05004E4CBC /* CSRootTool.m */,
			);
			path = Root;
			sourceTree = "<group>";
		};
		A472BACD1D88F804005F4417 /* SDWebImage */ = {
			isa = PBXGroup;
			children = (
				A472BACE1D88F804005F4417 /* MKAnnotationView+WebCache.h */,
				A472BACF1D88F804005F4417 /* MKAnnotationView+WebCache.m */,
				A472BAD01D88F804005F4417 /* NSData+ImageContentType.h */,
				A472BAD11D88F804005F4417 /* NSData+ImageContentType.m */,
				A472BAD21D88F804005F4417 /* SDImageCache.h */,
				A472BAD31D88F804005F4417 /* SDImageCache.m */,
				A472BAD41D88F804005F4417 /* SDWebImageCompat.h */,
				A472BAD51D88F804005F4417 /* SDWebImageCompat.m */,
				A472BAD61D88F804005F4417 /* SDWebImageDecoder.h */,
				A472BAD71D88F804005F4417 /* SDWebImageDecoder.m */,
				A472BAD81D88F804005F4417 /* SDWebImageDownloader.h */,
				A472BAD91D88F804005F4417 /* SDWebImageDownloader.m */,
				A472BADA1D88F804005F4417 /* SDWebImageDownloaderOperation.h */,
				A472BADB1D88F804005F4417 /* SDWebImageDownloaderOperation.m */,
				A472BADC1D88F804005F4417 /* SDWebImageManager.h */,
				A472BADD1D88F804005F4417 /* SDWebImageManager.m */,
				A472BADE1D88F804005F4417 /* SDWebImageOperation.h */,
				A472BADF1D88F804005F4417 /* SDWebImagePrefetcher.h */,
				A472BAE01D88F804005F4417 /* SDWebImagePrefetcher.m */,
				A472BAE11D88F804005F4417 /* UIButton+WebCache.h */,
				A472BAE21D88F804005F4417 /* UIButton+WebCache.m */,
				A472BAE31D88F804005F4417 /* UIImage+GIF.h */,
				A472BAE41D88F804005F4417 /* UIImage+GIF.m */,
				A472BAE51D88F804005F4417 /* UIImage+MultiFormat.h */,
				A472BAE61D88F804005F4417 /* UIImage+MultiFormat.m */,
				A472BAE71D88F804005F4417 /* UIImage+WebP.h */,
				A472BAE81D88F804005F4417 /* UIImage+WebP.m */,
				A472BAE91D88F804005F4417 /* UIImageView+HighlightedWebCache.h */,
				A472BAEA1D88F804005F4417 /* UIImageView+HighlightedWebCache.m */,
				A472BAEB1D88F804005F4417 /* UIImageView+WebCache.h */,
				A472BAEC1D88F804005F4417 /* UIImageView+WebCache.m */,
				A472BAED1D88F804005F4417 /* UIView+WebCacheOperation.h */,
				A472BAEE1D88F804005F4417 /* UIView+WebCacheOperation.m */,
			);
			path = SDWebImage;
			sourceTree = "<group>";
		};
		A47C3F171D9E093100C91E1F /* MJExtension */ = {
			isa = PBXGroup;
			children = (
				A47C3F181D9E093100C91E1F /* MJConst.h */,
				A47C3F191D9E093100C91E1F /* MJConst.m */,
				A47C3F1A1D9E093100C91E1F /* MJExtension.h */,
				A47C3F1B1D9E093100C91E1F /* MJFoundation.h */,
				A47C3F1C1D9E093100C91E1F /* MJFoundation.m */,
				A47C3F1D1D9E093100C91E1F /* MJIvar.h */,
				A47C3F1E1D9E093100C91E1F /* MJIvar.m */,
				A47C3F1F1D9E093100C91E1F /* MJType.h */,
				A47C3F201D9E093100C91E1F /* MJType.m */,
				A47C3F211D9E093100C91E1F /* NSObject+MJCoding.h */,
				A47C3F221D9E093100C91E1F /* NSObject+MJCoding.m */,
				A47C3F231D9E093100C91E1F /* NSObject+MJIvar.h */,
				A47C3F241D9E093100C91E1F /* NSObject+MJIvar.m */,
				A47C3F251D9E093100C91E1F /* NSObject+MJKeyValue.h */,
				A47C3F261D9E093100C91E1F /* NSObject+MJKeyValue.m */,
			);
			path = MJExtension;
			sourceTree = "<group>";
		};
		A47C3F271D9E093100C91E1F /* MJRefresh */ = {
			isa = PBXGroup;
			children = (
				A47C3F281D9E093100C91E1F /* MJRefresh.bundle */,
				A47C3F291D9E093100C91E1F /* MJRefresh.h */,
				A47C3F2A1D9E093100C91E1F /* MJRefreshBaseView.h */,
				A47C3F2B1D9E093100C91E1F /* MJRefreshBaseView.m */,
				A47C3F2C1D9E093100C91E1F /* MJRefreshConst.h */,
				A47C3F2D1D9E093100C91E1F /* MJRefreshConst.m */,
				A47C3F2E1D9E093100C91E1F /* MJRefreshFooterView.h */,
				A47C3F2F1D9E093100C91E1F /* MJRefreshFooterView.m */,
				A47C3F301D9E093100C91E1F /* MJRefreshHeaderView.h */,
				A47C3F311D9E093100C91E1F /* MJRefreshHeaderView.m */,
				A47C3F321D9E093100C91E1F /* UIScrollView+MJExtension.h */,
				A47C3F331D9E093100C91E1F /* UIScrollView+MJExtension.m */,
				A47C3F341D9E093100C91E1F /* UIScrollView+MJRefresh.h */,
				A47C3F351D9E093100C91E1F /* UIScrollView+MJRefresh.m */,
				A47C3F361D9E093100C91E1F /* UIView+MJExtension.h */,
				A47C3F371D9E093100C91E1F /* UIView+MJExtension.m */,
			);
			path = MJRefresh;
			sourceTree = "<group>";
		};
		A47C3F471D9E096500C91E1F /* Http */ = {
			isa = PBXGroup;
			children = (
				A47C3F481D9E096500C91E1F /* CSHttpTools.h */,
				A47C3F491D9E096500C91E1F /* CSHttpTools.m */,
			);
			path = Http;
			sourceTree = "<group>";
		};
		A4D4D83B1D9D267300DEF9C1 /* Mp3 */ = {
			isa = PBXGroup;
			children = (
				A4D4D83C1D9D267300DEF9C1 /* silence.mp3 */,
				A4D4D83D1D9D267300DEF9C1 /* 爸比我要喝奶奶.mp3 */,
			);
			path = Mp3;
			sourceTree = "<group>";
		};
		A4F5ECC41D77E0AE00BAA822 = {
			isa = PBXGroup;
			children = (
				A4F5ECCF1D77E0AE00BAA822 /* sina */,
				A4F5ECCE1D77E0AE00BAA822 /* Products */,
			);
			sourceTree = "<group>";
		};
		A4F5ECCE1D77E0AE00BAA822 /* Products */ = {
			isa = PBXGroup;
			children = (
				A4F5ECCD1D77E0AE00BAA822 /* sina.app */,
			);
			name = Products;
			sourceTree = "<group>";
		};
		A4F5ECCF1D77E0AE00BAA822 /* sina */ = {
			isa = PBXGroup;
			children = (
				A4F5ECEE1D79905F00BAA822 /* Classes */,
				040A48A01D7872F80055F5DB /* Assets.xcassets */,
				A4F5ECE11D77E0AF00BAA822 /* Info.plist */,
				A4F5ECD01D77E0AE00BAA822 /* Supporting Files */,
				A4F5ECE91D7834CB00BAA822 /* LaunchScreen.xib */,
			);
			path = sina;
			sourceTree = "<group>";
		};
		A4F5ECD01D77E0AE00BAA822 /* Supporting Files */ = {
			isa = PBXGroup;
			children = (
				A4D4D83B1D9D267300DEF9C1 /* Mp3 */,
			);
			name = "Supporting Files";
			sourceTree = "<group>";
		};
		A4F5ECEE1D79905F00BAA822 /* Classes */ = {
			isa = PBXGroup;
			children = (
				A405F86A1D87FE98004E4CBC /* Tools(业务类) */,
				040A48B91D85B6150055F5DB /* OAuth */,
				040A48AF1D8456B40055F5DB /* NewFeature */,
				A4F5ECEF1D79905F00BAA822 /* Discover(发现) */,
				A4F5ECF31D79905F00BAA822 /* Home(首页) */,
				A4F5ECF71D79905F00BAA822 /* Main */,
				A4F5ECFF1D79905F00BAA822 /* Message(消息) */,
				A4F5ED031D79905F00BAA822 /* Other */,
				A4F5ED0A1D79905F00BAA822 /* Profile(我) */,
			);
			path = Classes;
			sourceTree = "<group>";
		};
		A4F5ECEF1D79905F00BAA822 /* Discover(发现) */ = {
			isa = PBXGroup;
			children = (
				A4F5ECF01D79905F00BAA822 /* Controller */,
				A4F5ECF11D79905F00BAA822 /* Model */,
				A4F5ECF21D79905F00BAA822 /* View */,
			);
			path = "Discover(发现)";
			sourceTree = "<group>";
		};
		A4F5ECF01D79905F00BAA822 /* Controller */ = {
			isa = PBXGroup;
			children = (
				A4EE6B411D7E97EA00989515 /* CSDiscoverViewController.h */,
				A4EE6B421D7E97EA00989515 /* CSDiscoverViewController.m */,
			);
			path = Controller;
			sourceTree = "<group>";
		};
		A4F5ECF11D79905F00BAA822 /* Model */ = {
			isa = PBXGroup;
			children = (
			);
			path = Model;
			sourceTree = "<group>";
		};
		A4F5ECF21D79905F00BAA822 /* View */ = {
			isa = PBXGroup;
			children = (
				A4EE6B441D7E989F00989515 /* CSSearchBar.h */,
				A4EE6B451D7E989F00989515 /* CSSearchBar.m */,
			);
			path = View;
			sourceTree = "<group>";
		};
		A4F5ECF31D79905F00BAA822 /* Home(首页) */ = {
			isa = PBXGroup;
			children = (
				A4F5ECF41D79905F00BAA822 /* Controller */,
				A4F5ECF51D79905F00BAA822 /* Model */,
				A4F5ECF61D79905F00BAA822 /* View */,
			);
			path = "Home(首页)";
			sourceTree = "<group>";
		};
		A4F5ECF41D79905F00BAA822 /* Controller */ = {
			isa = PBXGroup;
			children = (
				A4EE6B4A1D7EAB2100989515 /* CSHomeViewController.h */,
				A4EE6B4B1D7EAB2100989515 /* CSHomeViewController.m */,
				A4AA222F1D816375009DDA34 /* CSTwoViewController.h */,
				A4AA22301D816375009DDA34 /* CSTwoViewController.m */,
				A4AA22311D816375009DDA34 /* CSTwoViewController.xib */,
				A4AA22341D8267D7009DDA34 /* CSThirdViewController.h */,
				A4AA22351D8267D7009DDA34 /* CSThirdViewController.m */,
				A4AA22361D8267D7009DDA34 /* CSThirdViewController.xib */,
				A405F8651D82C8E9004E4CBC /* CSOneViewController.h */,
				A405F8661D82C8E9004E4CBC /* CSOneViewController.m */,
				A405F8671D82C8E9004E4CBC /* CSOneViewController.xib */,
			);
			path = Controller;
			sourceTree = "<group>";
		};
		A4F5ECF51D79905F00BAA822 /* Model */ = {
			isa = PBXGroup;
			children = (
				A472BB2F1D88F8A4005F4417 /* CSPhoto.h */,
				A472BB301D88F8A4005F4417 /* CSPhoto.m */,
				A472BAC71D88F628005F4417 /* CSStatus.h */,
				A472BAC81D88F628005F4417 /* CSStatus.m */,
				A472BACA1D88F6B5005F4417 /* CSUser.h */,
				A472BACB1D88F6B5005F4417 /* CSUser.m */,
			);
			path = Model;
			sourceTree = "<group>";
		};
		A4F5ECF61D79905F00BAA822 /* View */ = {
			isa = PBXGroup;
			children = (
				A4AA22241D7ED686009DDA34 /* CSTitleButton.h */,
				A4AA22251D7ED686009DDA34 /* CSTitleButton.m */,
				040A48A91D7F0E070055F5DB /* CSCover.h */,
				040A48AA1D7F0E070055F5DB /* CSCover.m */,
				A4AA22271D7FC656009DDA34 /* CSPopMenu.h */,
				A4AA22281D7FC656009DDA34 /* CSPopMenu.m */,
			);
			path = View;
			sourceTree = "<group>";
		};
		A4F5ECF71D79905F00BAA822 /* Main */ = {
			isa = PBXGroup;
			children = (
				A4F5ECF81D79905F00BAA822 /* Controller */,
				A4F5ECFB1D79905F00BAA822 /* Model */,
				A4F5ECFC1D79905F00BAA822 /* View */,
			);
			path = Main;
			sourceTree = "<group>";
		};
		A4F5ECF81D79905F00BAA822 /* Controller */ = {
			isa = PBXGroup;
			children = (
				A4F5ECF91D79905F00BAA822 /* CSTabBarController.h */,
				A4F5ECFA1D79905F00BAA822 /* CSTabBarController.m */,
				040A48AC1D805C770055F5DB /* CSNavigationController.h */,
				040A48AD1D805C770055F5DB /* CSNavigationController.m */,
			);
			path = Controller;
			sourceTree = "<group>";
		};
		A4F5ECFB1D79905F00BAA822 /* Model */ = {
			isa = PBXGroup;
			children = (
			);
			path = Model;
			sourceTree = "<group>";
		};
		A4F5ECFC1D79905F00BAA822 /* View */ = {
			isa = PBXGroup;
			children = (
				A4F5ECFD1D79905F00BAA822 /* CSTabBar.h */,
				A4F5ECFE1D79905F00BAA822 /* CSTabBar.m */,
				040A48A51D7DA65E0055F5DB /* CSBarButton.h */,
				040A48A61D7DA65E0055F5DB /* CSBarButton.m */,
			);
			path = View;
			sourceTree = "<group>";
		};
		A4F5ECFF1D79905F00BAA822 /* Message(消息) */ = {
			isa = PBXGroup;
			children = (
				A4F5ED001D79905F00BAA822 /* Controller */,
				A4F5ED011D79905F00BAA822 /* Model */,
				A4F5ED021D79905F00BAA822 /* View */,
			);
			path = "Message(消息)";
			sourceTree = "<group>";
		};
		A4F5ED001D79905F00BAA822 /* Controller */ = {
			isa = PBXGroup;
			children = (
				A4EE6B3E1D7E955D00989515 /* CSMessageViewController.h */,
				A4EE6B3F1D7E955D00989515 /* CSMessageViewController.m */,
			);
			path = Controller;
			sourceTree = "<group>";
		};
		A4F5ED011D79905F00BAA822 /* Model */ = {
			isa = PBXGroup;
			children = (
			);
			path = Model;
			sourceTree = "<group>";
		};
		A4F5ED021D79905F00BAA822 /* View */ = {
			isa = PBXGroup;
			children = (
			);
			path = View;
			sourceTree = "<group>";
		};
		A4F5ED031D79905F00BAA822 /* Other */ = {
			isa = PBXGroup;
			children = (
				040A48C01D85BE140055F5DB /* lib */,
				A4F5ED041D79905F00BAA822 /* AppDelegate.h */,
				A4F5ED051D79905F00BAA822 /* AppDelegate.m */,
				A4F5ED061D79905F00BAA822 /* Category */,
				A4F5ED091D79905F00BAA822 /* main.m */,
				040A48A81D7EFA690055F5DB /* sina.pch */,
			);
			path = Other;
			sourceTree = "<group>";
		};
		A4F5ED061D79905F00BAA822 /* Category */ = {
			isa = PBXGroup;
			children = (
				A4EE6B471D7E9D6100989515 /* UIView+Frame.h */,
				A4EE6B481D7E9D6100989515 /* UIView+Frame.m */,
				A4F5ED071D79905F00BAA822 /* UIImage+Image.h */,
				A4F5ED081D79905F00BAA822 /* UIImage+Image.m */,
				A4EE6B4D1D7EAC8400989515 /* UIBarButtonItem+item.h */,
				A4EE6B4E1D7EAC8400989515 /* UIBarButtonItem+item.m */,
			);
			path = Category;
			sourceTree = "<group>";
		};
		A4F5ED0A1D79905F00BAA822 /* Profile(我) */ = {
			isa = PBXGroup;
			children = (
				A4F5ED0B1D79905F00BAA822 /* Controller */,
				A4F5ED0C1D79905F00BAA822 /* Model */,
				A4F5ED0D1D79905F00BAA822 /* View */,
			);
			path = "Profile(我)";
			sourceTree = "<group>";
		};
		A4F5ED0B1D79905F00BAA822 /* Controller */ = {
			isa = PBXGroup;
			children = (
				A4EE6B3B1D7E793000989515 /* CSProfileViewController.h */,
				A4EE6B3C1D7E793000989515 /* CSProfileViewController.m */,
			);
			path = Controller;
			sourceTree = "<group>";
		};
		A4F5ED0C1D79905F00BAA822 /* Model */ = {
			isa = PBXGroup;
			children = (
			);
			path = Model;
			sourceTree = "<group>";
		};
		A4F5ED0D1D79905F00BAA822 /* View */ = {
			isa = PBXGroup;
			children = (
			);
			path = View;
			sourceTree = "<group>";
		};
/* End PBXGroup section */

/* Begin PBXNativeTarget section */
		A4F5ECCC1D77E0AE00BAA822 /* sina */ = {
			isa = PBXNativeTarget;
			buildConfigurationList = A4F5ECE41D77E0AF00BAA822 /* Build configuration list for PBXNativeTarget "sina" */;
			buildPhases = (
				A4F5ECC91D77E0AE00BAA822 /* Sources */,
				A4F5ECCA1D77E0AE00BAA822 /* Frameworks */,
				A4F5ECCB1D77E0AE00BAA822 /* Resources */,
			);
			buildRules = (
			);
			dependencies = (
			);
			name = sina;
			productName = sina;
			productReference = A4F5ECCD1D77E0AE00BAA822 /* sina.app */;
			productType = "com.apple.product-type.application";
		};
/* End PBXNativeTarget section */

/* Begin PBXProject section */
		A4F5ECC51D77E0AE00BAA822 /* Project object */ = {
			isa = PBXProject;
			attributes = {
				CLASSPREFIX = CS;
				LastUpgradeCheck = 0720;
				ORGANIZATIONNAME = cain;
				TargetAttributes = {
					A4F5ECCC1D77E0AE00BAA822 = {
						CreatedOnToolsVersion = 7.2;
						DevelopmentTeam = 383U3JP56H;
						SystemCapabilities = {
							com.apple.BackgroundModes = {
								enabled = 1;
							};
						};
					};
				};
			};
			buildConfigurationList = A4F5ECC81D77E0AE00BAA822 /* Build configuration list for PBXProject "sina" */;
			compatibilityVersion = "Xcode 3.2";
			developmentRegion = English;
			hasScannedForEncodings = 0;
			knownRegions = (
				en,
				Base,
			);
			mainGroup = A4F5ECC41D77E0AE00BAA822;
			productRefGroup = A4F5ECCE1D77E0AE00BAA822 /* Products */;
			projectDirPath = "";
			projectRoot = "";
			targets = (
				A4F5ECCC1D77E0AE00BAA822 /* sina */,
			);
		};
/* End PBXProject section */

/* Begin PBXResourcesBuildPhase section */
		A4F5ECCB1D77E0AE00BAA822 /* Resources */ = {
			isa = PBXResourcesBuildPhase;
			buildActionMask = 2147483647;
			files = (
				040A48A11D7872F80055F5DB /* Assets.xcassets in Resources */,
				A4D4D83F1D9D267300DEF9C1 /* 爸比我要喝奶奶.mp3 in Resources */,
				A4AA22381D8267D7009DDA34 /* CSThirdViewController.xib in Resources */,
				A4F5ECEA1D7834CB00BAA822 /* LaunchScreen.xib in Resources */,
				A4D4D83E1D9D267300DEF9C1 /* silence.mp3 in Resources */,
				A4AA22331D816375009DDA34 /* CSTwoViewController.xib in Resources */,
				A405F8691D82C8E9004E4CBC /* CSOneViewController.xib in Resources */,
				040A490B1D85BFA80055F5DB /* MBProgressHUD.bundle in Resources */,
				A47C3F3F1D9E093100C91E1F /* MJRefresh.bundle in Resources */,
			);
			runOnlyForDeploymentPostprocessing = 0;
		};
/* End PBXResourcesBuildPhase section */

/* Begin PBXSourcesBuildPhase section */
		A4F5ECC91D77E0AE00BAA822 /* Sources */ = {
			isa = PBXSourcesBuildPhase;
			buildActionMask = 2147483647;
			files = (
				A47C3F421D9E093100C91E1F /* MJRefreshFooterView.m in Sources */,
				A47C3F3D1D9E093100C91E1F /* NSObject+MJIvar.m in Sources */,
				A472BAF81D88F804005F4417 /* UIButton+WebCache.m in Sources */,
				040A49051D85BFA80055F5DB /* AFSecurityPolicy.m in Sources */,
				A4AA22291D7FC656009DDA34 /* CSPopMenu.m in Sources */,
				A4EE6B4F1D7EAC8400989515 /* UIBarButtonItem+item.m in Sources */,
				A4F5ED121D79905F00BAA822 /* main.m in Sources */,
				A472BAFC1D88F804005F4417 /* UIImageView+HighlightedWebCache.m in Sources */,
				A472BB311D88F8A4005F4417 /* CSPhoto.m in Sources */,
				040A48A71D7DA65E0055F5DB /* CSBarButton.m in Sources */,
				A472BAF01D88F804005F4417 /* NSData+ImageContentType.m in Sources */,
				040A49061D85BFA80055F5DB /* AFURLConnectionOperation.m in Sources */,
				A4F5ED0E1D79905F00BAA822 /* CSTabBarController.m in Sources */,
				040A490C1D85BFA80055F5DB /* MBProgressHUD.m in Sources */,
				A4EE6B3D1D7E793000989515 /* CSProfileViewController.m in Sources */,
				040A48AB1D7F0E070055F5DB /* CSCover.m in Sources */,
				040A49091D85BFA80055F5DB /* AFURLSessionManager.m in Sources */,
				A472BAF21D88F804005F4417 /* SDWebImageCompat.m in Sources */,
				A47C3F3B1D9E093100C91E1F /* MJType.m in Sources */,
				A472BAF61D88F804005F4417 /* SDWebImageManager.m in Sources */,
				A47C3F441D9E093100C91E1F /* UIScrollView+MJExtension.m in Sources */,
				040A48B51D8456DF0055F5DB /* CSNewFeatureController.m in Sources */,
				A472BAF11D88F804005F4417 /* SDImageCache.m in Sources */,
				040A48AE1D805C770055F5DB /* CSNavigationController.m in Sources */,
				A47C3F3A1D9E093100C91E1F /* MJIvar.m in Sources */,
				A472BAF31D88F804005F4417 /* SDWebImageDecoder.m in Sources */,
				A4EE6B431D7E97EA00989515 /* CSDiscoverViewController.m in Sources */,
				A4AA22261D7ED686009DDA34 /* CSTitleButton.m in Sources */,
				A47C3F3C1D9E093100C91E1F /* NSObject+MJCoding.m in Sources */,
				A472BAF41D88F804005F4417 /* SDWebImageDownloader.m in Sources */,
				A405F8751D87FFD3004E4CBC /* CSAccount.m in Sources */,
				A47C3F461D9E093100C91E1F /* UIView+MJExtension.m in Sources */,
				A47C3F391D9E093100C91E1F /* MJFoundation.m in Sources */,
				A472BACC1D88F6B5005F4417 /* CSUser.m in Sources */,
				A47C3F3E1D9E093100C91E1F /* NSObject+MJKeyValue.m in Sources */,
				A4EE6B461D7E989F00989515 /* CSSearchBar.m in Sources */,
				A472BAFA1D88F804005F4417 /* UIImage+MultiFormat.m in Sources */,
				A47C3F431D9E093100C91E1F /* MJRefreshHeaderView.m in Sources */,
				A47C3F381D9E093100C91E1F /* MJConst.m in Sources */,
				A47C3F4A1D9E096500C91E1F /* CSHttpTools.m in Sources */,
				A472BAC91D88F628005F4417 /* CSStatus.m in Sources */,
				A472BAFB1D88F804005F4417 /* UIImage+WebP.m in Sources */,
				A405F86F1D87FEF1004E4CBC /* CSAccountTool.m in Sources */,
				A47C3F451D9E093100C91E1F /* UIScrollView+MJRefresh.m in Sources */,
				040A49081D85BFA80055F5DB /* AFURLResponseSerialization.m in Sources */,
				A47C3F411D9E093100C91E1F /* MJRefreshConst.m in Sources */,
				040A49021D85BFA80055F5DB /* AFHTTPRequestOperationManager.m in Sources */,
				A405F8721D87FF05004E4CBC /* CSRootTool.m in Sources */,
				040A49011D85BFA80055F5DB /* AFHTTPRequestOperation.m in Sources */,
				A47C3F401D9E093100C91E1F /* MJRefreshBaseView.m in Sources */,
				A4F5ED111D79905F00BAA822 /* UIImage+Image.m in Sources */,
				A4EE6B4C1D7EAB2100989515 /* CSHomeViewController.m in Sources */,
				040A48B81D850CAA0055F5DB /* CSNewFeatureViewCell.m in Sources */,
				A472BAFE1D88F804005F4417 /* UIView+WebCacheOperation.m in Sources */,
				A472BAF71D88F804005F4417 /* SDWebImagePrefetcher.m in Sources */,
				040A48BF1D85B65A0055F5DB /* CSOAuthViewController.m in Sources */,
				A4F5ED0F1D79905F00BAA822 /* CSTabBar.m in Sources */,
				040A49041D85BFA80055F5DB /* AFNetworkReachabilityManager.m in Sources */,
				A472BAF91D88F804005F4417 /* UIImage+GIF.m in Sources */,
				A4AA22321D816375009DDA34 /* CSTwoViewController.m in Sources */,
				A4EE6B401D7E955D00989515 /* CSMessageViewController.m in Sources */,
				A4F5ED101D79905F00BAA822 /* AppDelegate.m in Sources */,
				A472BAEF1D88F804005F4417 /* MKAnnotationView+WebCache.m in Sources */,
				040A490A1D85BFA80055F5DB /* MBProgressHUD+MJ.m in Sources */,
				A472BAF51D88F804005F4417 /* SDWebImageDownloaderOperation.m in Sources */,
				A4AA22371D8267D7009DDA34 /* CSThirdViewController.m in Sources */,
				A4EE6B491D7E9D6100989515 /* UIView+Frame.m in Sources */,
				A472BAFD1D88F804005F4417 /* UIImageView+WebCache.m in Sources */,
				040A49071D85BFA80055F5DB /* AFURLRequestSerialization.m in Sources */,
				A405F8681D82C8E9004E4CBC /* CSOneViewController.m in Sources */,
				040A49031D85BFA80055F5DB /* AFHTTPSessionManager.m in Sources */,
			);
			runOnlyForDeploymentPostprocessing = 0;
		};
/* End PBXSourcesBuildPhase section */

/* Begin XCBuildConfiguration section */
		A4F5ECE21D77E0AF00BAA822 /* Debug */ = {
			isa = XCBuildConfiguration;
			buildSettings = {
				ALWAYS_SEARCH_USER_PATHS = NO;
				CLANG_CXX_LANGUAGE_STANDARD = "gnu++0x";
				CLANG_CXX_LIBRARY = "libc++";
				CLANG_ENABLE_MODULES = YES;
				CLANG_ENABLE_OBJC_ARC = YES;
				CLANG_WARN_BOOL_CONVERSION = YES;
				CLANG_WARN_CONSTANT_CONVERSION = YES;
				CLANG_WARN_DIRECT_OBJC_ISA_USAGE = YES_ERROR;
				CLANG_WARN_EMPTY_BODY = YES;
				CLANG_WARN_ENUM_CONVERSION = YES;
				CLANG_WARN_INT_CONVERSION = YES;
				CLANG_WARN_OBJC_ROOT_CLASS = YES_ERROR;
				CLANG_WARN_UNREACHABLE_CODE = YES;
				CLANG_WARN__DUPLICATE_METHOD_MATCH = YES;
				"CODE_SIGN_IDENTITY[sdk=iphoneos*]" = "iPhone Developer";
				COPY_PHASE_STRIP = NO;
				DEBUG_INFORMATION_FORMAT = dwarf;
				ENABLE_STRICT_OBJC_MSGSEND = YES;
				ENABLE_TESTABILITY = YES;
				GCC_C_LANGUAGE_STANDARD = gnu99;
				GCC_DYNAMIC_NO_PIC = NO;
				GCC_NO_COMMON_BLOCKS = YES;
				GCC_OPTIMIZATION_LEVEL = 0;
				GCC_PREPROCESSOR_DEFINITIONS = (
					"DEBUG=1",
					"$(inherited)",
				);
				GCC_WARN_64_TO_32_BIT_CONVERSION = YES;
				GCC_WARN_ABOUT_RETURN_TYPE = YES_ERROR;
				GCC_WARN_UNDECLARED_SELECTOR = YES;
				GCC_WARN_UNINITIALIZED_AUTOS = YES_AGGRESSIVE;
				GCC_WARN_UNUSED_FUNCTION = YES;
				GCC_WARN_UNUSED_VARIABLE = YES;
				IPHONEOS_DEPLOYMENT_TARGET = 9.2;
				MTL_ENABLE_DEBUG_INFO = YES;
				ONLY_ACTIVE_ARCH = YES;
				SDKROOT = iphoneos;
			};
			name = Debug;
		};
		A4F5ECE31D77E0AF00BAA822 /* Release */ = {
			isa = XCBuildConfiguration;
			buildSettings = {
				ALWAYS_SEARCH_USER_PATHS = NO;
				CLANG_CXX_LANGUAGE_STANDARD = "gnu++0x";
				CLANG_CXX_LIBRARY = "libc++";
				CLANG_ENABLE_MODULES = YES;
				CLANG_ENABLE_OBJC_ARC = YES;
				CLANG_WARN_BOOL_CONVERSION = YES;
				CLANG_WARN_CONSTANT_CONVERSION = YES;
				CLANG_WARN_DIRECT_OBJC_ISA_USAGE = YES_ERROR;
				CLANG_WARN_EMPTY_BODY = YES;
				CLANG_WARN_ENUM_CONVERSION = YES;
				CLANG_WARN_INT_CONVERSION = YES;
				CLANG_WARN_OBJC_ROOT_CLASS = YES_ERROR;
				CLANG_WARN_UNREACHABLE_CODE = YES;
				CLANG_WARN__DUPLICATE_METHOD_MATCH = YES;
				"CODE_SIGN_IDENTITY[sdk=iphoneos*]" = "iPhone Developer";
				COPY_PHASE_STRIP = NO;
				DEBUG_INFORMATION_FORMAT = "dwarf-with-dsym";
				ENABLE_NS_ASSERTIONS = NO;
				ENABLE_STRICT_OBJC_MSGSEND = YES;
				GCC_C_LANGUAGE_STANDARD = gnu99;
				GCC_NO_COMMON_BLOCKS = YES;
				GCC_WARN_64_TO_32_BIT_CONVERSION = YES;
				GCC_WARN_ABOUT_RETURN_TYPE = YES_ERROR;
				GCC_WARN_UNDECLARED_SELECTOR = YES;
				GCC_WARN_UNINITIALIZED_AUTOS = YES_AGGRESSIVE;
				GCC_WARN_UNUSED_FUNCTION = YES;
				GCC_WARN_UNUSED_VARIABLE = YES;
				IPHONEOS_DEPLOYMENT_TARGET = 9.2;
				MTL_ENABLE_DEBUG_INFO = NO;
				SDKROOT = iphoneos;
				VALIDATE_PRODUCT = YES;
			};
			name = Release;
		};
		A4F5ECE51D77E0AF00BAA822 /* Debug */ = {
			isa = XCBuildConfiguration;
			buildSettings = {
				ASSETCATALOG_COMPILER_APPICON_NAME = AppIcon;
				GCC_PRECOMPILE_PREFIX_HEADER = YES;
				GCC_PREFIX_HEADER = sina/Classes/Other/sina.pch;
				INFOPLIST_FILE = sina/Info.plist;
				IPHONEOS_DEPLOYMENT_TARGET = 7.0;
				LD_RUNPATH_SEARCH_PATHS = "$(inherited) @executable_path/Frameworks";
				PRODUCT_BUNDLE_IDENTIFIER = com.cain.ios.sina;
				PRODUCT_NAME = "$(TARGET_NAME)";
			};
			name = Debug;
		};
		A4F5ECE61D77E0AF00BAA822 /* Release */ = {
			isa = XCBuildConfiguration;
			buildSettings = {
				ASSETCATALOG_COMPILER_APPICON_NAME = AppIcon;
				GCC_PRECOMPILE_PREFIX_HEADER = YES;
				GCC_PREFIX_HEADER = sina/Classes/Other/sina.pch;
				INFOPLIST_FILE = sina/Info.plist;
				IPHONEOS_DEPLOYMENT_TARGET = 7.0;
				LD_RUNPATH_SEARCH_PATHS = "$(inherited) @executable_path/Frameworks";
				PRODUCT_BUNDLE_IDENTIFIER = com.cain.ios.sina;
				PRODUCT_NAME = "$(TARGET_NAME)";
			};
			name = Release;
		};
/* End XCBuildConfiguration section */

/* Begin XCConfigurationList section */
		A4F5ECC81D77E0AE00BAA822 /* Build configuration list for PBXProject "sina" */ = {
			isa = XCConfigurationList;
			buildConfigurations = (
				A4F5ECE21D77E0AF00BAA822 /* Debug */,
				A4F5ECE31D77E0AF00BAA822 /* Release */,
			);
			defaultConfigurationIsVisible = 0;
			defaultConfigurationName = Release;
		};
		A4F5ECE41D77E0AF00BAA822 /* Build configuration list for PBXNativeTarget "sina" */ = {
			isa = XCConfigurationList;
			buildConfigurations = (
				A4F5ECE51D77E0AF00BAA822 /* Debug */,
				A4F5ECE61D77E0AF00BAA822 /* Release */,
			);
			defaultConfigurationIsVisible = 0;
			defaultConfigurationName = Release;
		};
/* End XCConfigurationList section */
	};
	rootObject = A4F5ECC51D77E0AE00BAA822 /* Project object */;
}
