// !$*UTF8*$!
{
	archiveVersion = 1;
	classes = {
	};
	objectVersion = 46;
	objects = {

/* Begin PBXBuildFile section */
		040A48A11D7872F80055F5DB /* Assets.xcassets in Resources */ = {isa = PBXBuildFile; fileRef = 040A48A01D7872F80055F5DB /* Assets.xcassets */; };
		040A48A71D7DA65E0055F5DB /* CSBarButton.m in Sources */ = {isa = PBXBuildFile; fileRef = 040A48A61D7DA65E0055F5DB /* CSBarButton.m */; };
		040A48AB1D7F0E070055F5DB /* CSCover.m in Sources */ = {isa = PBXBuildFile; fileRef = 040A48AA1D7F0E070055F5DB /* CSCover.m */; };
		040A48AE1D805C770055F5DB /* CSNavigationController.m in Sources */ = {isa = PBXBuildFile; fileRef = 040A48AD1D805C770055F5DB /* CSNavigationController.m */; };
		A405F8681D82C8E9004E4CBC /* CSOneViewController.m in Sources */ = {isa = PBXBuildFile; fileRef = A405F8661D82C8E9004E4CBC /* CSOneViewController.m */; };
		A405F8691D82C8E9004E4CBC /* CSOneViewController.xib in Resources */ = {isa = PBXBuildFile; fileRef = A405F8671D82C8E9004E4CBC /* CSOneViewController.xib */; };
		A4AA22261D7ED686009DDA34 /* CSTitleButton.m in Sources */ = {isa = PBXBuildFile; fileRef = A4AA22251D7ED686009DDA34 /* CSTitleButton.m */; };
		A4AA22291D7FC656009DDA34 /* CSPopMenu.m in Sources */ = {isa = PBXBuildFile; fileRef = A4AA22281D7FC656009DDA34 /* CSPopMenu.m */; };
		A4AA22321D816375009DDA34 /* CSTwoViewController.m in Sources */ = {isa = PBXBuildFile; fileRef = A4AA22301D816375009DDA34 /* CSTwoViewController.m */; };
		A4AA22331D816375009DDA34 /* CSTwoViewController.xib in Resources */ = {isa = PBXBuildFile; fileRef = A4AA22311D816375009DDA34 /* CSTwoViewController.xib */; };
		A4AA22371D8267D7009DDA34 /* CSThirdViewController.m in Sources */ = {isa = PBXBuildFile; fileRef = A4AA22351D8267D7009DDA34 /* CSThirdViewController.m */; };
		A4AA22381D8267D7009DDA34 /* CSThirdViewController.xib in Resources */ = {isa = PBXBuildFile; fileRef = A4AA22361D8267D7009DDA34 /* CSThirdViewController.xib */; };
		A4EE6B3D1D7E793000989515 /* CSProfileViewController.m in Sources */ = {isa = PBXBuildFile; fileRef = A4EE6B3C1D7E793000989515 /* CSProfileViewController.m */; };
		A4EE6B401D7E955D00989515 /* CSMessageViewController.m in Sources */ = {isa = PBXBuildFile; fileRef = A4EE6B3F1D7E955D00989515 /* CSMessageViewController.m */; };
		A4EE6B431D7E97EA00989515 /* CSDiscoverViewController.m in Sources */ = {isa = PBXBuildFile; fileRef = A4EE6B421D7E97EA00989515 /* CSDiscoverViewController.m */; };
		A4EE6B461D7E989F00989515 /* CSSearchBar.m in Sources */ = {isa = PBXBuildFile; fileRef = A4EE6B451D7E989F00989515 /* CSSearchBar.m */; };
		A4EE6B491D7E9D6100989515 /* UIView+Frame.m in Sources */ = {isa = PBXBuildFile; fileRef = A4EE6B481D7E9D6100989515 /* UIView+Frame.m */; };
		A4EE6B4C1D7EAB2100989515 /* CSHomeViewController.m in Sources */ = {isa = PBXBuildFile; fileRef = A4EE6B4B1D7EAB2100989515 /* CSHomeViewController.m */; };
		A4EE6B4F1D7EAC8400989515 /* UIBarButtonItem+item.m in Sources */ = {isa = PBXBuildFile; fileRef = A4EE6B4E1D7EAC8400989515 /* UIBarButtonItem+item.m */; };
		A4F5ECEA1D7834CB00BAA822 /* LaunchScreen.xib in Resources */ = {isa = PBXBuildFile; fileRef = A4F5ECE91D7834CB00BAA822 /* LaunchScreen.xib */; };
		A4F5ED0E1D79905F00BAA822 /* CSTabBarController.m in Sources */ = {isa = PBXBuildFile; fileRef = A4F5ECFA1D79905F00BAA822 /* CSTabBarController.m */; };
		A4F5ED0F1D79905F00BAA822 /* CSTabBar.m in Sources */ = {isa = PBXBuildFile; fileRef = A4F5ECFE1D79905F00BAA822 /* CSTabBar.m */; };
		A4F5ED101D79905F00BAA822 /* AppDelegate.m in Sources */ = {isa = PBXBuildFile; fileRef = A4F5ED051D79905F00BAA822 /* AppDelegate.m */; };
		A4F5ED111D79905F00BAA822 /* UIImage+Image.m in Sources */ = {isa = PBXBuildFile; fileRef = A4F5ED081D79905F00BAA822 /* UIImage+Image.m */; };
		A4F5ED121D79905F00BAA822 /* main.m in Sources */ = {isa = PBXBuildFile; fileRef = A4F5ED091D79905F00BAA822 /* main.m */; };
/* End PBXBuildFile section */

/* Begin PBXFileReference section */
		040A48A01D7872F80055F5DB /* Assets.xcassets */ = {isa = PBXFileReference; lastKnownFileType = folder.assetcatalog; path = Assets.xcassets; sourceTree = "<group>"; };
		040A48A51D7DA65E0055F5DB /* CSBarButton.h */ = {isa = PBXFileReference; fileEncoding = 4; lastKnownFileType = sourcecode.c.h; path = CSBarButton.h; sourceTree = "<group>"; };
		040A48A61D7DA65E0055F5DB /* CSBarButton.m */ = {isa = PBXFileReference; fileEncoding = 4; lastKnownFileType = sourcecode.c.objc; path = CSBarButton.m; sourceTree = "<group>"; };
		040A48A81D7EFA690055F5DB /* sina.pch */ = {isa = PBXFileReference; lastKnownFileType = sourcecode.c.h; path = sina.pch; sourceTree = "<group>"; };
		040A48A91D7F0E070055F5DB /* CSCover.h */ = {isa = PBXFileReference; fileEncoding = 4; lastKnownFileType = sourcecode.c.h; path = CSCover.h; sourceTree = "<group>"; };
		040A48AA1D7F0E070055F5DB /* CSCover.m */ = {isa = PBXFileReference; fileEncoding = 4; lastKnownFileType = sourcecode.c.objc; path = CSCover.m; sourceTree = "<group>"; };
		040A48AC1D805C770055F5DB /* CSNavigationController.h */ = {isa = PBXFileReference; fileEncoding = 4; lastKnownFileType = sourcecode.c.h; path = CSNavigationController.h; sourceTree = "<group>"; };
		040A48AD1D805C770055F5DB /* CSNavigationController.m */ = {isa = PBXFileReference; fileEncoding = 4; lastKnownFileType = sourcecode.c.objc; path = CSNavigationController.m; sourceTree = "<group>"; };
		A405F8651D82C8E9004E4CBC /* CSOneViewController.h */ = {isa = PBXFileReference; fileEncoding = 4; lastKnownFileType = sourcecode.c.h; path = CSOneViewController.h; sourceTree = "<group>"; };
		A405F8661D82C8E9004E4CBC /* CSOneViewController.m */ = {isa = PBXFileReference; fileEncoding = 4; lastKnownFileType = sourcecode.c.objc; path = CSOneViewController.m; sourceTree = "<group>"; };
		A405F8671D82C8E9004E4CBC /* CSOneViewController.xib */ = {isa = PBXFileReference; fileEncoding = 4; lastKnownFileType = file.xib; path = CSOneViewController.xib; sourceTree = "<group>"; };
		A4AA22241D7ED686009DDA34 /* CSTitleButton.h */ = {isa = PBXFileReference; fileEncoding = 4; lastKnownFileType = sourcecode.c.h; path = CSTitleButton.h; sourceTree = "<group>"; };
		A4AA22251D7ED686009DDA34 /* CSTitleButton.m */ = {isa = PBXFileReference; fileEncoding = 4; lastKnownFileType = sourcecode.c.objc; path = CSTitleButton.m; sourceTree = "<group>"; };
		A4AA22271D7FC656009DDA34 /* CSPopMenu.h */ = {isa = PBXFileReference; fileEncoding = 4; lastKnownFileType = sourcecode.c.h; path = CSPopMenu.h; sourceTree = "<group>"; };
		A4AA22281D7FC656009DDA34 /* CSPopMenu.m */ = {isa = PBXFileReference; fileEncoding = 4; lastKnownFileType = sourcecode.c.objc; path = CSPopMenu.m; sourceTree = "<group>"; };
		A4AA222F1D816375009DDA34 /* CSTwoViewController.h */ = {isa = PBXFileReference; fileEncoding = 4; lastKnownFileType = sourcecode.c.h; path = CSTwoViewController.h; sourceTree = "<group>"; };
		A4AA22301D816375009DDA34 /* CSTwoViewController.m */ = {isa = PBXFileReference; fileEncoding = 4; lastKnownFileType = sourcecode.c.objc; path = CSTwoViewController.m; sourceTree = "<group>"; };
		A4AA22311D816375009DDA34 /* CSTwoViewController.xib */ = {isa = PBXFileReference; fileEncoding = 4; lastKnownFileType = file.xib; path = CSTwoViewController.xib; sourceTree = "<group>"; };
		A4AA22341D8267D7009DDA34 /* CSThirdViewController.h */ = {isa = PBXFileReference; fileEncoding = 4; lastKnownFileType = sourcecode.c.h; path = CSThirdViewController.h; sourceTree = "<group>"; };
		A4AA22351D8267D7009DDA34 /* CSThirdViewController.m */ = {isa = PBXFileReference; fileEncoding = 4; lastKnownFileType = sourcecode.c.objc; path = CSThirdViewController.m; sourceTree = "<group>"; };
		A4AA22361D8267D7009DDA34 /* CSThirdViewController.xib */ = {isa = PBXFileReference; fileEncoding = 4; lastKnownFileType = file.xib; path = CSThirdViewController.xib; sourceTree = "<group>"; };
		A4EE6B3B1D7E793000989515 /* CSProfileViewController.h */ = {isa = PBXFileReference; fileEncoding = 4; lastKnownFileType = sourcecode.c.h; path = CSProfileViewController.h; sourceTree = "<group>"; };
		A4EE6B3C1D7E793000989515 /* CSProfileViewController.m */ = {isa = PBXFileReference; fileEncoding = 4; lastKnownFileType = sourcecode.c.objc; path = CSProfileViewController.m; sourceTree = "<group>"; };
		A4EE6B3E1D7E955D00989515 /* CSMessageViewController.h */ = {isa = PBXFileReference; fileEncoding = 4; lastKnownFileType = sourcecode.c.h; path = CSMessageViewController.h; sourceTree = "<group>"; };
		A4EE6B3F1D7E955D00989515 /* CSMessageViewController.m */ = {isa = PBXFileReference; fileEncoding = 4; lastKnownFileType = sourcecode.c.objc; path = CSMessageViewController.m; sourceTree = "<group>"; };
		A4EE6B411D7E97EA00989515 /* CSDiscoverViewController.h */ = {isa = PBXFileReference; fileEncoding = 4; lastKnownFileType = sourcecode.c.h; path = CSDiscoverViewController.h; sourceTree = "<group>"; };
		A4EE6B421D7E97EA00989515 /* CSDiscoverViewController.m */ = {isa = PBXFileReference; fileEncoding = 4; lastKnownFileType = sourcecode.c.objc; path = CSDiscoverViewController.m; sourceTree = "<group>"; };
		A4EE6B441D7E989F00989515 /* CSSearchBar.h */ = {isa = PBXFileReference; fileEncoding = 4; lastKnownFileType = sourcecode.c.h; path = CSSearchBar.h; sourceTree = "<group>"; };
		A4EE6B451D7E989F00989515 /* CSSearchBar.m */ = {isa = PBXFileReference; fileEncoding = 4; lastKnownFileType = sourcecode.c.objc; path = CSSearchBar.m; sourceTree = "<group>"; };
		A4EE6B471D7E9D6100989515 /* UIView+Frame.h */ = {isa = PBXFileReference; fileEncoding = 4; lastKnownFileType = sourcecode.c.h; path = "UIView+Frame.h"; sourceTree = "<group>"; };
		A4EE6B481D7E9D6100989515 /* UIView+Frame.m */ = {isa = PBXFileReference; fileEncoding = 4; lastKnownFileType = sourcecode.c.objc; path = "UIView+Frame.m"; sourceTree = "<group>"; };
		A4EE6B4A1D7EAB2100989515 /* CSHomeViewController.h */ = {isa = PBXFileReference; fileEncoding = 4; lastKnownFileType = sourcecode.c.h; path = CSHomeViewController.h; sourceTree = "<group>"; };
		A4EE6B4B1D7EAB2100989515 /* CSHomeViewController.m */ = {isa = PBXFileReference; fileEncoding = 4; lastKnownFileType = sourcecode.c.objc; path = CSHomeViewController.m; sourceTree = "<group>"; };
		A4EE6B4D1D7EAC8400989515 /* UIBarButtonItem+item.h */ = {isa = PBXFileReference; fileEncoding = 4; lastKnownFileType = sourcecode.c.h; path = "UIBarButtonItem+item.h"; sourceTree = "<group>"; };
		A4EE6B4E1D7EAC8400989515 /* UIBarButtonItem+item.m */ = {isa = PBXFileReference; fileEncoding = 4; lastKnownFileType = sourcecode.c.objc; path = "UIBarButtonItem+item.m"; sourceTree = "<group>"; };
		A4F5ECCD1D77E0AE00BAA822 /* sina.app */ = {isa = PBXFileReference; explicitFileType = wrapper.application; includeInIndex = 0; path = sina.app; sourceTree = BUILT_PRODUCTS_DIR; };
		A4F5ECE11D77E0AF00BAA822 /* Info.plist */ = {isa = PBXFileReference; lastKnownFileType = text.plist.xml; path = Info.plist; sourceTree = "<group>"; };
		A4F5ECE91D7834CB00BAA822 /* LaunchScreen.xib */ = {isa = PBXFileReference; fileEncoding = 4; lastKnownFileType = file.xib; path = LaunchScreen.xib; sourceTree = "<group>"; };
		A4F5ECF91D79905F00BAA822 /* CSTabBarController.h */ = {isa = PBXFileReference; fileEncoding = 4; lastKnownFileType = sourcecode.c.h; path = CSTabBarController.h; sourceTree = "<group>"; };
		A4F5ECFA1D79905F00BAA822 /* CSTabBarController.m */ = {isa = PBXFileReference; fileEncoding = 4; lastKnownFileType = sourcecode.c.objc; path = CSTabBarController.m; sourceTree = "<group>"; };
		A4F5ECFD1D79905F00BAA822 /* CSTabBar.h */ = {isa = PBXFileReference; fileEncoding = 4; lastKnownFileType = sourcecode.c.h; path = CSTabBar.h; sourceTree = "<group>"; };
		A4F5ECFE1D79905F00BAA822 /* CSTabBar.m */ = {isa = PBXFileReference; fileEncoding = 4; lastKnownFileType = sourcecode.c.objc; path = CSTabBar.m; sourceTree = "<group>"; };
		A4F5ED041D79905F00BAA822 /* AppDelegate.h */ = {isa = PBXFileReference; fileEncoding = 4; lastKnownFileType = sourcecode.c.h; path = AppDelegate.h; sourceTree = "<group>"; };
		A4F5ED051D79905F00BAA822 /* AppDelegate.m */ = {isa = PBXFileReference; fileEncoding = 4; lastKnownFileType = sourcecode.c.objc; path = AppDelegate.m; sourceTree = "<group>"; };
		A4F5ED071D79905F00BAA822 /* UIImage+Image.h */ = {isa = PBXFileReference; fileEncoding = 4; lastKnownFileType = sourcecode.c.h; path = "UIImage+Image.h"; sourceTree = "<group>"; };
		A4F5ED081D79905F00BAA822 /* UIImage+Image.m */ = {isa = PBXFileReference; fileEncoding = 4; lastKnownFileType = sourcecode.c.objc; path = "UIImage+Image.m"; sourceTree = "<group>"; };
		A4F5ED091D79905F00BAA822 /* main.m */ = {isa = PBXFileReference; fileEncoding = 4; lastKnownFileType = sourcecode.c.objc; path = main.m; sourceTree = "<group>"; };
/* End PBXFileReference section */

/* Begin PBXFrameworksBuildPhase section */
		A4F5ECCA1D77E0AE00BAA822 /* Frameworks */ = {
			isa = PBXFrameworksBuildPhase;
			buildActionMask = 2147483647;
			files = (
			);
			runOnlyForDeploymentPostprocessing = 0;
		};
/* End PBXFrameworksBuildPhase section */

/* Begin PBXGroup section */
		A4F5ECC41D77E0AE00BAA822 = {
			isa = PBXGroup;
			children = (
				A4F5ECCF1D77E0AE00BAA822 /* sina */,
				A4F5ECCE1D77E0AE00BAA822 /* Products */,
			);
			sourceTree = "<group>";
		};
		A4F5ECCE1D77E0AE00BAA822 /* Products */ = {
			isa = PBXGroup;
			children = (
				A4F5ECCD1D77E0AE00BAA822 /* sina.app */,
			);
			name = Products;
			sourceTree = "<group>";
		};
		A4F5ECCF1D77E0AE00BAA822 /* sina */ = {
			isa = PBXGroup;
			children = (
				A4F5ECEE1D79905F00BAA822 /* Classes */,
				040A48A01D7872F80055F5DB /* Assets.xcassets */,
				A4F5ECE11D77E0AF00BAA822 /* Info.plist */,
				A4F5ECD01D77E0AE00BAA822 /* Supporting Files */,
				A4F5ECE91D7834CB00BAA822 /* LaunchScreen.xib */,
			);
			path = sina;
			sourceTree = "<group>";
		};
		A4F5ECD01D77E0AE00BAA822 /* Supporting Files */ = {
			isa = PBXGroup;
			children = (
			);
			name = "Supporting Files";
			sourceTree = "<group>";
		};
		A4F5ECEE1D79905F00BAA822 /* Classes */ = {
			isa = PBXGroup;
			children = (
				A4F5ECEF1D79905F00BAA822 /* Discover(发现) */,
				A4F5ECF31D79905F00BAA822 /* Home(首页) */,
				A4F5ECF71D79905F00BAA822 /* Main */,
				A4F5ECFF1D79905F00BAA822 /* Message(消息) */,
				A4F5ED031D79905F00BAA822 /* Other */,
				A4F5ED0A1D79905F00BAA822 /* Profile(我) */,
			);
			path = Classes;
			sourceTree = "<group>";
		};
		A4F5ECEF1D79905F00BAA822 /* Discover(发现) */ = {
			isa = PBXGroup;
			children = (
				A4F5ECF01D79905F00BAA822 /* Controller */,
				A4F5ECF11D79905F00BAA822 /* Model */,
				A4F5ECF21D79905F00BAA822 /* View */,
			);
			path = "Discover(发现)";
			sourceTree = "<group>";
		};
		A4F5ECF01D79905F00BAA822 /* Controller */ = {
			isa = PBXGroup;
			children = (
				A4EE6B411D7E97EA00989515 /* CSDiscoverViewController.h */,
				A4EE6B421D7E97EA00989515 /* CSDiscoverViewController.m */,
			);
			path = Controller;
			sourceTree = "<group>";
		};
		A4F5ECF11D79905F00BAA822 /* Model */ = {
			isa = PBXGroup;
			children = (
			);
			path = Model;
			sourceTree = "<group>";
		};
		A4F5ECF21D79905F00BAA822 /* View */ = {
			isa = PBXGroup;
			children = (
				A4EE6B441D7E989F00989515 /* CSSearchBar.h */,
				A4EE6B451D7E989F00989515 /* CSSearchBar.m */,
			);
			path = View;
			sourceTree = "<group>";
		};
		A4F5ECF31D79905F00BAA822 /* Home(首页) */ = {
			isa = PBXGroup;
			children = (
				A4F5ECF41D79905F00BAA822 /* Controller */,
				A4F5ECF51D79905F00BAA822 /* Model */,
				A4F5ECF61D79905F00BAA822 /* View */,
			);
			path = "Home(首页)";
			sourceTree = "<group>";
		};
		A4F5ECF41D79905F00BAA822 /* Controller */ = {
			isa = PBXGroup;
			children = (
				A4EE6B4A1D7EAB2100989515 /* CSHomeViewController.h */,
				A4EE6B4B1D7EAB2100989515 /* CSHomeViewController.m */,
				A4AA222F1D816375009DDA34 /* CSTwoViewController.h */,
				A4AA22301D816375009DDA34 /* CSTwoViewController.m */,
				A4AA22311D816375009DDA34 /* CSTwoViewController.xib */,
				A4AA22341D8267D7009DDA34 /* CSThirdViewController.h */,
				A4AA22351D8267D7009DDA34 /* CSThirdViewController.m */,
				A4AA22361D8267D7009DDA34 /* CSThirdViewController.xib */,
				A405F8651D82C8E9004E4CBC /* CSOneViewController.h */,
				A405F8661D82C8E9004E4CBC /* CSOneViewController.m */,
				A405F8671D82C8E9004E4CBC /* CSOneViewController.xib */,
			);
			path = Controller;
			sourceTree = "<group>";
		};
		A4F5ECF51D79905F00BAA822 /* Model */ = {
			isa = PBXGroup;
			children = (
			);
			path = Model;
			sourceTree = "<group>";
		};
		A4F5ECF61D79905F00BAA822 /* View */ = {
			isa = PBXGroup;
			children = (
				A4AA22241D7ED686009DDA34 /* CSTitleButton.h */,
				A4AA22251D7ED686009DDA34 /* CSTitleButton.m */,
				040A48A91D7F0E070055F5DB /* CSCover.h */,
				040A48AA1D7F0E070055F5DB /* CSCover.m */,
				A4AA22271D7FC656009DDA34 /* CSPopMenu.h */,
				A4AA22281D7FC656009DDA34 /* CSPopMenu.m */,
			);
			path = View;
			sourceTree = "<group>";
		};
		A4F5ECF71D79905F00BAA822 /* Main */ = {
			isa = PBXGroup;
			children = (
				A4F5ECF81D79905F00BAA822 /* Controller */,
				A4F5ECFB1D79905F00BAA822 /* Model */,
				A4F5ECFC1D79905F00BAA822 /* View */,
			);
			path = Main;
			sourceTree = "<group>";
		};
		A4F5ECF81D79905F00BAA822 /* Controller */ = {
			isa = PBXGroup;
			children = (
				A4F5ECF91D79905F00BAA822 /* CSTabBarController.h */,
				A4F5ECFA1D79905F00BAA822 /* CSTabBarController.m */,
				040A48AC1D805C770055F5DB /* CSNavigationController.h */,
				040A48AD1D805C770055F5DB /* CSNavigationController.m */,
			);
			path = Controller;
			sourceTree = "<group>";
		};
		A4F5ECFB1D79905F00BAA822 /* Model */ = {
			isa = PBXGroup;
			children = (
			);
			path = Model;
			sourceTree = "<group>";
		};
		A4F5ECFC1D79905F00BAA822 /* View */ = {
			isa = PBXGroup;
			children = (
				A4F5ECFD1D79905F00BAA822 /* CSTabBar.h */,
				A4F5ECFE1D79905F00BAA822 /* CSTabBar.m */,
				040A48A51D7DA65E0055F5DB /* CSBarButton.h */,
				040A48A61D7DA65E0055F5DB /* CSBarButton.m */,
			);
			path = View;
			sourceTree = "<group>";
		};
		A4F5ECFF1D79905F00BAA822 /* Message(消息) */ = {
			isa = PBXGroup;
			children = (
				A4F5ED001D79905F00BAA822 /* Controller */,
				A4F5ED011D79905F00BAA822 /* Model */,
				A4F5ED021D79905F00BAA822 /* View */,
			);
			path = "Message(消息)";
			sourceTree = "<group>";
		};
		A4F5ED001D79905F00BAA822 /* Controller */ = {
			isa = PBXGroup;
			children = (
				A4EE6B3E1D7E955D00989515 /* CSMessageViewController.h */,
				A4EE6B3F1D7E955D00989515 /* CSMessageViewController.m */,
			);
			path = Controller;
			sourceTree = "<group>";
		};
		A4F5ED011D79905F00BAA822 /* Model */ = {
			isa = PBXGroup;
			children = (
			);
			path = Model;
			sourceTree = "<group>";
		};
		A4F5ED021D79905F00BAA822 /* View */ = {
			isa = PBXGroup;
			children = (
			);
			path = View;
			sourceTree = "<group>";
		};
		A4F5ED031D79905F00BAA822 /* Other */ = {
			isa = PBXGroup;
			children = (
				A4F5ED041D79905F00BAA822 /* AppDelegate.h */,
				A4F5ED051D79905F00BAA822 /* AppDelegate.m */,
				A4F5ED061D79905F00BAA822 /* Category */,
				A4F5ED091D79905F00BAA822 /* main.m */,
				040A48A81D7EFA690055F5DB /* sina.pch */,
			);
			path = Other;
			sourceTree = "<group>";
		};
		A4F5ED061D79905F00BAA822 /* Category */ = {
			isa = PBXGroup;
			children = (
				A4EE6B471D7E9D6100989515 /* UIView+Frame.h */,
				A4EE6B481D7E9D6100989515 /* UIView+Frame.m */,
				A4F5ED071D79905F00BAA822 /* UIImage+Image.h */,
				A4F5ED081D79905F00BAA822 /* UIImage+Image.m */,
				A4EE6B4D1D7EAC8400989515 /* UIBarButtonItem+item.h */,
				A4EE6B4E1D7EAC8400989515 /* UIBarButtonItem+item.m */,
			);
			path = Category;
			sourceTree = "<group>";
		};
		A4F5ED0A1D79905F00BAA822 /* Profile(我) */ = {
			isa = PBXGroup;
			children = (
				A4F5ED0B1D79905F00BAA822 /* Controller */,
				A4F5ED0C1D79905F00BAA822 /* Model */,
				A4F5ED0D1D79905F00BAA822 /* View */,
			);
			path = "Profile(我)";
			sourceTree = "<group>";
		};
		A4F5ED0B1D79905F00BAA822 /* Controller */ = {
			isa = PBXGroup;
			children = (
				A4EE6B3B1D7E793000989515 /* CSProfileViewController.h */,
				A4EE6B3C1D7E793000989515 /* CSProfileViewController.m */,
			);
			path = Controller;
			sourceTree = "<group>";
		};
		A4F5ED0C1D79905F00BAA822 /* Model */ = {
			isa = PBXGroup;
			children = (
			);
			path = Model;
			sourceTree = "<group>";
		};
		A4F5ED0D1D79905F00BAA822 /* View */ = {
			isa = PBXGroup;
			children = (
			);
			path = View;
			sourceTree = "<group>";
		};
/* End PBXGroup section */

/* Begin PBXNativeTarget section */
		A4F5ECCC1D77E0AE00BAA822 /* sina */ = {
			isa = PBXNativeTarget;
			buildConfigurationList = A4F5ECE41D77E0AF00BAA822 /* Build configuration list for PBXNativeTarget "sina" */;
			buildPhases = (
				A4F5ECC91D77E0AE00BAA822 /* Sources */,
				A4F5ECCA1D77E0AE00BAA822 /* Frameworks */,
				A4F5ECCB1D77E0AE00BAA822 /* Resources */,
			);
			buildRules = (
			);
			dependencies = (
			);
			name = sina;
			productName = sina;
			productReference = A4F5ECCD1D77E0AE00BAA822 /* sina.app */;
			productType = "com.apple.product-type.application";
		};
/* End PBXNativeTarget section */

/* Begin PBXProject section */
		A4F5ECC51D77E0AE00BAA822 /* Project object */ = {
			isa = PBXProject;
			attributes = {
				CLASSPREFIX = CS;
				LastUpgradeCheck = 0720;
				ORGANIZATIONNAME = cain;
				TargetAttributes = {
					A4F5ECCC1D77E0AE00BAA822 = {
						CreatedOnToolsVersion = 7.2;
						DevelopmentTeam = 383U3JP56H;
					};
				};
			};
			buildConfigurationList = A4F5ECC81D77E0AE00BAA822 /* Build configuration list for PBXProject "sina" */;
			compatibilityVersion = "Xcode 3.2";
			developmentRegion = English;
			hasScannedForEncodings = 0;
			knownRegions = (
				en,
				Base,
			);
			mainGroup = A4F5ECC41D77E0AE00BAA822;
			productRefGroup = A4F5ECCE1D77E0AE00BAA822 /* Products */;
			projectDirPath = "";
			projectRoot = "";
			targets = (
				A4F5ECCC1D77E0AE00BAA822 /* sina */,
			);
		};
/* End PBXProject section */

/* Begin PBXResourcesBuildPhase section */
		A4F5ECCB1D77E0AE00BAA822 /* Resources */ = {
			isa = PBXResourcesBuildPhase;
			buildActionMask = 2147483647;
			files = (
				040A48A11D7872F80055F5DB /* Assets.xcassets in Resources */,
				A4AA22381D8267D7009DDA34 /* CSThirdViewController.xib in Resources */,
				A4F5ECEA1D7834CB00BAA822 /* LaunchScreen.xib in Resources */,
				A4AA22331D816375009DDA34 /* CSTwoViewController.xib in Resources */,
				A405F8691D82C8E9004E4CBC /* CSOneViewController.xib in Resources */,
			);
			runOnlyForDeploymentPostprocessing = 0;
		};
/* End PBXResourcesBuildPhase section */

/* Begin PBXSourcesBuildPhase section */
		A4F5ECC91D77E0AE00BAA822 /* Sources */ = {
			isa = PBXSourcesBuildPhase;
			buildActionMask = 2147483647;
			files = (
				A4AA22291D7FC656009DDA34 /* CSPopMenu.m in Sources */,
				A4EE6B4F1D7EAC8400989515 /* UIBarButtonItem+item.m in Sources */,
				A4F5ED121D79905F00BAA822 /* main.m in Sources */,
				040A48A71D7DA65E0055F5DB /* CSBarButton.m in Sources */,
				A4F5ED0E1D79905F00BAA822 /* CSTabBarController.m in Sources */,
				A4EE6B3D1D7E793000989515 /* CSProfileViewController.m in Sources */,
				040A48AB1D7F0E070055F5DB /* CSCover.m in Sources */,
				040A48AE1D805C770055F5DB /* CSNavigationController.m in Sources */,
				A4EE6B431D7E97EA00989515 /* CSDiscoverViewController.m in Sources */,
				A4AA22261D7ED686009DDA34 /* CSTitleButton.m in Sources */,
				A4EE6B461D7E989F00989515 /* CSSearchBar.m in Sources */,
				A4F5ED111D79905F00BAA822 /* UIImage+Image.m in Sources */,
				A4EE6B4C1D7EAB2100989515 /* CSHomeViewController.m in Sources */,
				A4F5ED0F1D79905F00BAA822 /* CSTabBar.m in Sources */,
				A4AA22321D816375009DDA34 /* CSTwoViewController.m in Sources */,
				A4EE6B401D7E955D00989515 /* CSMessageViewController.m in Sources */,
				A4F5ED101D79905F00BAA822 /* AppDelegate.m in Sources */,
				A4AA22371D8267D7009DDA34 /* CSThirdViewController.m in Sources */,
				A4EE6B491D7E9D6100989515 /* UIView+Frame.m in Sources */,
				A405F8681D82C8E9004E4CBC /* CSOneViewController.m in Sources */,
			);
			runOnlyForDeploymentPostprocessing = 0;
		};
/* End PBXSourcesBuildPhase section */

/* Begin XCBuildConfiguration section */
		A4F5ECE21D77E0AF00BAA822 /* Debug */ = {
			isa = XCBuildConfiguration;
			buildSettings = {
				ALWAYS_SEARCH_USER_PATHS = NO;
				CLANG_CXX_LANGUAGE_STANDARD = "gnu++0x";
				CLANG_CXX_LIBRARY = "libc++";
				CLANG_ENABLE_MODULES = YES;
				CLANG_ENABLE_OBJC_ARC = YES;
				CLANG_WARN_BOOL_CONVERSION = YES;
				CLANG_WARN_CONSTANT_CONVERSION = YES;
				CLANG_WARN_DIRECT_OBJC_ISA_USAGE = YES_ERROR;
				CLANG_WARN_EMPTY_BODY = YES;
				CLANG_WARN_ENUM_CONVERSION = YES;
				CLANG_WARN_INT_CONVERSION = YES;
				CLANG_WARN_OBJC_ROOT_CLASS = YES_ERROR;
				CLANG_WARN_UNREACHABLE_CODE = YES;
				CLANG_WARN__DUPLICATE_METHOD_MATCH = YES;
				"CODE_SIGN_IDENTITY[sdk=iphoneos*]" = "iPhone Developer";
				COPY_PHASE_STRIP = NO;
				DEBUG_INFORMATION_FORMAT = dwarf;
				ENABLE_STRICT_OBJC_MSGSEND = YES;
				ENABLE_TESTABILITY = YES;
				GCC_C_LANGUAGE_STANDARD = gnu99;
				GCC_DYNAMIC_NO_PIC = NO;
				GCC_NO_COMMON_BLOCKS = YES;
				GCC_OPTIMIZATION_LEVEL = 0;
				GCC_PREPROCESSOR_DEFINITIONS = (
					"DEBUG=1",
					"$(inherited)",
				);
				GCC_WARN_64_TO_32_BIT_CONVERSION = YES;
				GCC_WARN_ABOUT_RETURN_TYPE = YES_ERROR;
				GCC_WARN_UNDECLARED_SELECTOR = YES;
				GCC_WARN_UNINITIALIZED_AUTOS = YES_AGGRESSIVE;
				GCC_WARN_UNUSED_FUNCTION = YES;
				GCC_WARN_UNUSED_VARIABLE = YES;
				IPHONEOS_DEPLOYMENT_TARGET = 9.2;
				MTL_ENABLE_DEBUG_INFO = YES;
				ONLY_ACTIVE_ARCH = YES;
				SDKROOT = iphoneos;
			};
			name = Debug;
		};
		A4F5ECE31D77E0AF00BAA822 /* Release */ = {
			isa = XCBuildConfiguration;
			buildSettings = {
				ALWAYS_SEARCH_USER_PATHS = NO;
				CLANG_CXX_LANGUAGE_STANDARD = "gnu++0x";
				CLANG_CXX_LIBRARY = "libc++";
				CLANG_ENABLE_MODULES = YES;
				CLANG_ENABLE_OBJC_ARC = YES;
				CLANG_WARN_BOOL_CONVERSION = YES;
				CLANG_WARN_CONSTANT_CONVERSION = YES;
				CLANG_WARN_DIRECT_OBJC_ISA_USAGE = YES_ERROR;
				CLANG_WARN_EMPTY_BODY = YES;
				CLANG_WARN_ENUM_CONVERSION = YES;
				CLANG_WARN_INT_CONVERSION = YES;
				CLANG_WARN_OBJC_ROOT_CLASS = YES_ERROR;
				CLANG_WARN_UNREACHABLE_CODE = YES;
				CLANG_WARN__DUPLICATE_METHOD_MATCH = YES;
				"CODE_SIGN_IDENTITY[sdk=iphoneos*]" = "iPhone Developer";
				COPY_PHASE_STRIP = NO;
				DEBUG_INFORMATION_FORMAT = "dwarf-with-dsym";
				ENABLE_NS_ASSERTIONS = NO;
				ENABLE_STRICT_OBJC_MSGSEND = YES;
				GCC_C_LANGUAGE_STANDARD = gnu99;
				GCC_NO_COMMON_BLOCKS = YES;
				GCC_WARN_64_TO_32_BIT_CONVERSION = YES;
				GCC_WARN_ABOUT_RETURN_TYPE = YES_ERROR;
				GCC_WARN_UNDECLARED_SELECTOR = YES;
				GCC_WARN_UNINITIALIZED_AUTOS = YES_AGGRESSIVE;
				GCC_WARN_UNUSED_FUNCTION = YES;
				GCC_WARN_UNUSED_VARIABLE = YES;
				IPHONEOS_DEPLOYMENT_TARGET = 9.2;
				MTL_ENABLE_DEBUG_INFO = NO;
				SDKROOT = iphoneos;
				VALIDATE_PRODUCT = YES;
			};
			name = Release;
		};
		A4F5ECE51D77E0AF00BAA822 /* Debug */ = {
			isa = XCBuildConfiguration;
			buildSettings = {
				ASSETCATALOG_COMPILER_APPICON_NAME = AppIcon;
				GCC_PRECOMPILE_PREFIX_HEADER = YES;
				GCC_PREFIX_HEADER = sina/Classes/Other/sina.pch;
				INFOPLIST_FILE = sina/Info.plist;
				IPHONEOS_DEPLOYMENT_TARGET = 7.0;
				LD_RUNPATH_SEARCH_PATHS = "$(inherited) @executable_path/Frameworks";
				PRODUCT_BUNDLE_IDENTIFIER = com.cain.ios.sina;
				PRODUCT_NAME = "$(TARGET_NAME)";
			};
			name = Debug;
		};
		A4F5ECE61D77E0AF00BAA822 /* Release */ = {
			isa = XCBuildConfiguration;
			buildSettings = {
				ASSETCATALOG_COMPILER_APPICON_NAME = AppIcon;
				GCC_PRECOMPILE_PREFIX_HEADER = YES;
				GCC_PREFIX_HEADER = sina/Classes/Other/sina.pch;
				INFOPLIST_FILE = sina/Info.plist;
				IPHONEOS_DEPLOYMENT_TARGET = 7.0;
				LD_RUNPATH_SEARCH_PATHS = "$(inherited) @executable_path/Frameworks";
				PRODUCT_BUNDLE_IDENTIFIER = com.cain.ios.sina;
				PRODUCT_NAME = "$(TARGET_NAME)";
			};
			name = Release;
		};
/* End XCBuildConfiguration section */

/* Begin XCConfigurationList section */
		A4F5ECC81D77E0AE00BAA822 /* Build configuration list for PBXProject "sina" */ = {
			isa = XCConfigurationList;
			buildConfigurations = (
				A4F5ECE21D77E0AF00BAA822 /* Debug */,
				A4F5ECE31D77E0AF00BAA822 /* Release */,
			);
			defaultConfigurationIsVisible = 0;
			defaultConfigurationName = Release;
		};
		A4F5ECE41D77E0AF00BAA822 /* Build configuration list for PBXNativeTarget "sina" */ = {
			isa = XCConfigurationList;
			buildConfigurations = (
				A4F5ECE51D77E0AF00BAA822 /* Debug */,
				A4F5ECE61D77E0AF00BAA822 /* Release */,
			);
			defaultConfigurationIsVisible = 0;
			defaultConfigurationName = Release;
		};
/* End XCConfigurationList section */
	};
	rootObject = A4F5ECC51D77E0AE00BAA822 /* Project object */;
}
